// !$*UTF8*$!
{
	archiveVersion = 1;
	classes = {
	};
	objectVersion = 48;
	objects = {

/* Begin PBXBuildFile section */
		84779D8820B9AC5700F36973 /* SideMenuViewController.swift in Sources */ = {isa = PBXBuildFile; fileRef = 84779D8720B9AC5700F36973 /* SideMenuViewController.swift */; };
		84779D8B20B9B08100F36973 /* BaseViewController.swift in Sources */ = {isa = PBXBuildFile; fileRef = 84779D8A20B9B08100F36973 /* BaseViewController.swift */; };
		84779D8D20B9B1E500F36973 /* BaseNavViewController.swift in Sources */ = {isa = PBXBuildFile; fileRef = 84779D8C20B9B1E500F36973 /* BaseNavViewController.swift */; };
		849ADB5320C138590060ED23 /* AppController.swift in Sources */ = {isa = PBXBuildFile; fileRef = 849ADB5220C138590060ED23 /* AppController.swift */; };
		84C052A920BD16900013A7FF /* ReceiveViewController.swift in Sources */ = {isa = PBXBuildFile; fileRef = 84C052A820BD16900013A7FF /* ReceiveViewController.swift */; };
		84C052AB20BD169D0013A7FF /* SendViewController.swift in Sources */ = {isa = PBXBuildFile; fileRef = 84C052AA20BD169D0013A7FF /* SendViewController.swift */; };
		84C052AD20BD16A70013A7FF /* SwapViewController.swift in Sources */ = {isa = PBXBuildFile; fileRef = 84C052AC20BD16A70013A7FF /* SwapViewController.swift */; };
		84CA5C7820B7302E0064D1BC /* Mnemonic.storyboard in Resources */ = {isa = PBXBuildFile; fileRef = 84CA5C7520B7302E0064D1BC /* Mnemonic.storyboard */; };
		84CA5C7920B7302E0064D1BC /* Tutorial.storyboard in Resources */ = {isa = PBXBuildFile; fileRef = 84CA5C7620B7302E0064D1BC /* Tutorial.storyboard */; };
		84CA5C7B20B730750064D1BC /* PinViewController.swift in Sources */ = {isa = PBXBuildFile; fileRef = 84CA5C7A20B730750064D1BC /* PinViewController.swift */; };
		84CA5C7D20B73DB60064D1BC /* Pin.storyboard in Resources */ = {isa = PBXBuildFile; fileRef = 84CA5C7C20B73DB50064D1BC /* Pin.storyboard */; };
		84CA5C8020B7DB9A0064D1BC /* HomeViewController.swift in Sources */ = {isa = PBXBuildFile; fileRef = 84CA5C7F20B7DB9A0064D1BC /* HomeViewController.swift */; };
		84CA5C8320B85C060064D1BC /* UserData.swift in Sources */ = {isa = PBXBuildFile; fileRef = 84CA5C8220B85C060064D1BC /* UserData.swift */; };
		84CA5C8520B85C5C0064D1BC /* Constants.swift in Sources */ = {isa = PBXBuildFile; fileRef = 84CA5C8420B85C5C0064D1BC /* Constants.swift */; };
		84CA5CB820B88D000064D1BC /* Assets.xcassets in Resources */ = {isa = PBXBuildFile; fileRef = 84CA5CB720B88D000064D1BC /* Assets.xcassets */; };
		84E79E5220BEEF7400D08645 /* CoinListViewController.swift in Sources */ = {isa = PBXBuildFile; fileRef = 84E79E5120BEEF7400D08645 /* CoinListViewController.swift */; };
		84E79E5420BEF75900D08645 /* CoinTableViewCell.swift in Sources */ = {isa = PBXBuildFile; fileRef = 84E79E5320BEF75900D08645 /* CoinTableViewCell.swift */; };
		84E79E5720BEFAFD00D08645 /* CoinModel.swift in Sources */ = {isa = PBXBuildFile; fileRef = 84E79E5620BEFAFD00D08645 /* CoinModel.swift */; };
		A48ADB8CA58B9500A4DB4A83 /* Pods_NRLWallet.framework in Frameworks */ = {isa = PBXBuildFile; fileRef = C9EB94B4E53E3B4128C0F340 /* Pods_NRLWallet.framework */; };
		D792922D20B02BED00DC558C /* MnemonicViewController.swift in Sources */ = {isa = PBXBuildFile; fileRef = D792922C20B02BEC00DC558C /* MnemonicViewController.swift */; };
		D792923020B05FC100DC558C /* VerifyMnemonicViewController.swift in Sources */ = {isa = PBXBuildFile; fileRef = D792922F20B05FC100DC558C /* VerifyMnemonicViewController.swift */; };
		D792923120B090F900DC558C /* SourceSansPro-SemiBold.ttf in Resources */ = {isa = PBXBuildFile; fileRef = D792922E20B04D6D00DC558C /* SourceSansPro-SemiBold.ttf */; };
		D792923220B090FD00DC558C /* SourceSansPro-Regular.ttf in Resources */ = {isa = PBXBuildFile; fileRef = D7A6E97120AECDF90075596E /* SourceSansPro-Regular.ttf */; };
		D7A6E92C20AEB0570075596E /* AppDelegate.swift in Sources */ = {isa = PBXBuildFile; fileRef = D7A6E92B20AEB0570075596E /* AppDelegate.swift */; };
		D7A6E92E20AEB0570075596E /* Tutorial1ViewController.swift in Sources */ = {isa = PBXBuildFile; fileRef = D7A6E92D20AEB0570075596E /* Tutorial1ViewController.swift */; };
		D7A6E93120AEB0570075596E /* Main.storyboard in Resources */ = {isa = PBXBuildFile; fileRef = D7A6E92F20AEB0570075596E /* Main.storyboard */; };
		D7A6E93620AEB0570075596E /* LaunchScreen.storyboard in Resources */ = {isa = PBXBuildFile; fileRef = D7A6E93420AEB0570075596E /* LaunchScreen.storyboard */; };
		D7A6E97320AF09BA0075596E /* Tutorial2ViewController.swift in Sources */ = {isa = PBXBuildFile; fileRef = D7A6E97220AF09BA0075596E /* Tutorial2ViewController.swift */; };
		D7A6E97520AF11070075596E /* Tutorial3ViewController.swift in Sources */ = {isa = PBXBuildFile; fileRef = D7A6E97420AF11070075596E /* Tutorial3ViewController.swift */; };
		E1496CC920CB3A8800E3AD45 /* BigInt.framework in Embed Frameworks */ = {isa = PBXBuildFile; fileRef = E1496CC620CB3A7800E3AD45 /* BigInt.framework */; settings = {ATTRIBUTES = (CodeSignOnCopy, RemoveHeadersOnCopy, ); }; };
		E1496CD820CB3C3400E3AD45 /* CryptoSwift.framework in Embed Frameworks */ = {isa = PBXBuildFile; fileRef = E1496CCE20CB3C2B00E3AD45 /* CryptoSwift.framework */; settings = {ATTRIBUTES = (CodeSignOnCopy, RemoveHeadersOnCopy, ); }; };
		E1496CDA20CB3C3400E3AD45 /* NRLWalletSDK.framework in Embed Frameworks */ = {isa = PBXBuildFile; fileRef = E1496CCD20CB3C2B00E3AD45 /* NRLWalletSDK.framework */; settings = {ATTRIBUTES = (CodeSignOnCopy, RemoveHeadersOnCopy, ); }; };
		E1496CDC20CB3C3400E3AD45 /* PromiseKit.framework in Embed Frameworks */ = {isa = PBXBuildFile; fileRef = E1496CCB20CB3C2A00E3AD45 /* PromiseKit.framework */; settings = {ATTRIBUTES = (CodeSignOnCopy, RemoveHeadersOnCopy, ); }; };
		E1496CDE20CB3C3400E3AD45 /* secp256k1.framework in Embed Frameworks */ = {isa = PBXBuildFile; fileRef = E1496CCF20CB3C2B00E3AD45 /* secp256k1.framework */; settings = {ATTRIBUTES = (CodeSignOnCopy, RemoveHeadersOnCopy, ); }; };
		E1496CE020CB3C3400E3AD45 /* SipHash.framework in Embed Frameworks */ = {isa = PBXBuildFile; fileRef = E1496CCC20CB3C2B00E3AD45 /* SipHash.framework */; settings = {ATTRIBUTES = (CodeSignOnCopy, RemoveHeadersOnCopy, ); }; };
		E1496CE220CB3C3400E3AD45 /* Web3.framework in Embed Frameworks */ = {isa = PBXBuildFile; fileRef = E1496CD020CB3C2B00E3AD45 /* Web3.framework */; settings = {ATTRIBUTES = (CodeSignOnCopy, RemoveHeadersOnCopy, ); }; };
		E1496CF920CB3E2700E3AD45 /* add_scalar.c in Sources */ = {isa = PBXBuildFile; fileRef = E1496CE620CB3E2700E3AD45 /* add_scalar.c */; };
		E1496CFA20CB3E2700E3AD45 /* fe.c in Sources */ = {isa = PBXBuildFile; fileRef = E1496CE820CB3E2700E3AD45 /* fe.c */; };
		E1496CFB20CB3E2700E3AD45 /* ge.c in Sources */ = {isa = PBXBuildFile; fileRef = E1496CEB20CB3E2700E3AD45 /* ge.c */; };
		E1496CFC20CB3E2700E3AD45 /* key_exchange.c in Sources */ = {isa = PBXBuildFile; fileRef = E1496CED20CB3E2700E3AD45 /* key_exchange.c */; };
		E1496CFD20CB3E2700E3AD45 /* keypair.c in Sources */ = {isa = PBXBuildFile; fileRef = E1496CEE20CB3E2700E3AD45 /* keypair.c */; };
		E1496CFE20CB3E2700E3AD45 /* license.txt in Resources */ = {isa = PBXBuildFile; fileRef = E1496CEF20CB3E2700E3AD45 /* license.txt */; };
		E1496CFF20CB3E2700E3AD45 /* sc.c in Sources */ = {isa = PBXBuildFile; fileRef = E1496CF220CB3E2700E3AD45 /* sc.c */; };
		E1496D0020CB3E2700E3AD45 /* seed.c in Sources */ = {isa = PBXBuildFile; fileRef = E1496CF420CB3E2700E3AD45 /* seed.c */; };
		E1496D0120CB3E2700E3AD45 /* sha512.c in Sources */ = {isa = PBXBuildFile; fileRef = E1496CF520CB3E2700E3AD45 /* sha512.c */; };
		E1496D0220CB3E2700E3AD45 /* sign.c in Sources */ = {isa = PBXBuildFile; fileRef = E1496CF720CB3E2700E3AD45 /* sign.c */; };
		E1496D0320CB3E2700E3AD45 /* verify.c in Sources */ = {isa = PBXBuildFile; fileRef = E1496CF820CB3E2700E3AD45 /* verify.c */; };
		E1496D0520CB3E8F00E3AD45 /* add_scalar.c in Headers */ = {isa = PBXBuildFile; fileRef = E1496CE620CB3E2700E3AD45 /* add_scalar.c */; };
		E1496D0620CB3E8F00E3AD45 /* ed25519.h in Headers */ = {isa = PBXBuildFile; fileRef = E1496CE720CB3E2700E3AD45 /* ed25519.h */; };
		E1496D0720CB3E8F00E3AD45 /* fe.c in Headers */ = {isa = PBXBuildFile; fileRef = E1496CE820CB3E2700E3AD45 /* fe.c */; };
		E1496D0820CB3E8F00E3AD45 /* fe.h in Headers */ = {isa = PBXBuildFile; fileRef = E1496CE920CB3E2700E3AD45 /* fe.h */; };
		E1496D0920CB3E8F00E3AD45 /* fixedint.h in Headers */ = {isa = PBXBuildFile; fileRef = E1496CEA20CB3E2700E3AD45 /* fixedint.h */; };
		E1496D0A20CB3E8F00E3AD45 /* ge.c in Headers */ = {isa = PBXBuildFile; fileRef = E1496CEB20CB3E2700E3AD45 /* ge.c */; };
		E1496D0B20CB3E8F00E3AD45 /* ge.h in Headers */ = {isa = PBXBuildFile; fileRef = E1496CEC20CB3E2700E3AD45 /* ge.h */; };
		E1496D0C20CB3E8F00E3AD45 /* key_exchange.c in Headers */ = {isa = PBXBuildFile; fileRef = E1496CED20CB3E2700E3AD45 /* key_exchange.c */; };
		E1496D0D20CB3E8F00E3AD45 /* keypair.c in Headers */ = {isa = PBXBuildFile; fileRef = E1496CEE20CB3E2700E3AD45 /* keypair.c */; };
		E1496D0E20CB3E8F00E3AD45 /* license.txt in Headers */ = {isa = PBXBuildFile; fileRef = E1496CEF20CB3E2700E3AD45 /* license.txt */; };
		E1496D0F20CB3E8F00E3AD45 /* module.modulemap in Headers */ = {isa = PBXBuildFile; fileRef = E1496CF020CB3E2700E3AD45 /* module.modulemap */; };
		E1496D1020CB3E8F00E3AD45 /* precomp_data.h in Headers */ = {isa = PBXBuildFile; fileRef = E1496CF120CB3E2700E3AD45 /* precomp_data.h */; };
		E1496D1120CB3E8F00E3AD45 /* sc.c in Headers */ = {isa = PBXBuildFile; fileRef = E1496CF220CB3E2700E3AD45 /* sc.c */; };
		E1496D1220CB3E8F00E3AD45 /* sc.h in Headers */ = {isa = PBXBuildFile; fileRef = E1496CF320CB3E2700E3AD45 /* sc.h */; };
		E1496D1320CB3E8F00E3AD45 /* seed.c in Headers */ = {isa = PBXBuildFile; fileRef = E1496CF420CB3E2700E3AD45 /* seed.c */; };
		E1496D1420CB3E8F00E3AD45 /* sha512.c in Headers */ = {isa = PBXBuildFile; fileRef = E1496CF520CB3E2700E3AD45 /* sha512.c */; };
		E1496D1520CB3E8F00E3AD45 /* sha512.h in Headers */ = {isa = PBXBuildFile; fileRef = E1496CF620CB3E2700E3AD45 /* sha512.h */; };
		E1496D1620CB3E8F00E3AD45 /* sign.c in Headers */ = {isa = PBXBuildFile; fileRef = E1496CF720CB3E2700E3AD45 /* sign.c */; };
		E1496D1720CB3E8F00E3AD45 /* verify.c in Headers */ = {isa = PBXBuildFile; fileRef = E1496CF820CB3E2700E3AD45 /* verify.c */; };
/* End PBXBuildFile section */

/* Begin PBXCopyFilesBuildPhase section */
		E1496CCA20CB3A8800E3AD45 /* Embed Frameworks */ = {
			isa = PBXCopyFilesBuildPhase;
			buildActionMask = 2147483647;
			dstPath = "";
			dstSubfolderSpec = 10;
			files = (
				E1496CC920CB3A8800E3AD45 /* BigInt.framework in Embed Frameworks */,
				E1496CDE20CB3C3400E3AD45 /* secp256k1.framework in Embed Frameworks */,
				E1496CDA20CB3C3400E3AD45 /* NRLWalletSDK.framework in Embed Frameworks */,
				E1496CE220CB3C3400E3AD45 /* Web3.framework in Embed Frameworks */,
				E1496CD820CB3C3400E3AD45 /* CryptoSwift.framework in Embed Frameworks */,
				E1496CDC20CB3C3400E3AD45 /* PromiseKit.framework in Embed Frameworks */,
				E1496CE020CB3C3400E3AD45 /* SipHash.framework in Embed Frameworks */,
			);
			name = "Embed Frameworks";
			runOnlyForDeploymentPostprocessing = 0;
		};
/* End PBXCopyFilesBuildPhase section */

/* Begin PBXFileReference section */
		1D9795419F5DF3CF0C8D0F77 /* Pods-NRLWallet.release.xcconfig */ = {isa = PBXFileReference; includeInIndex = 1; lastKnownFileType = text.xcconfig; name = "Pods-NRLWallet.release.xcconfig"; path = "Pods/Target Support Files/Pods-NRLWallet/Pods-NRLWallet.release.xcconfig"; sourceTree = "<group>"; };
		4E224D578FEC82D98F0CCF4E /* Pods-NRLWallet.debug.xcconfig */ = {isa = PBXFileReference; includeInIndex = 1; lastKnownFileType = text.xcconfig; name = "Pods-NRLWallet.debug.xcconfig"; path = "Pods/Target Support Files/Pods-NRLWallet/Pods-NRLWallet.debug.xcconfig"; sourceTree = "<group>"; };
		84779D8720B9AC5700F36973 /* SideMenuViewController.swift */ = {isa = PBXFileReference; lastKnownFileType = sourcecode.swift; path = SideMenuViewController.swift; sourceTree = "<group>"; };
		84779D8A20B9B08100F36973 /* BaseViewController.swift */ = {isa = PBXFileReference; lastKnownFileType = sourcecode.swift; path = BaseViewController.swift; sourceTree = "<group>"; };
		84779D8C20B9B1E500F36973 /* BaseNavViewController.swift */ = {isa = PBXFileReference; lastKnownFileType = sourcecode.swift; path = BaseNavViewController.swift; sourceTree = "<group>"; };
		849ADB5220C138590060ED23 /* AppController.swift */ = {isa = PBXFileReference; lastKnownFileType = sourcecode.swift; path = AppController.swift; sourceTree = "<group>"; };
		84C052A820BD16900013A7FF /* ReceiveViewController.swift */ = {isa = PBXFileReference; lastKnownFileType = sourcecode.swift; path = ReceiveViewController.swift; sourceTree = "<group>"; };
		84C052AA20BD169D0013A7FF /* SendViewController.swift */ = {isa = PBXFileReference; lastKnownFileType = sourcecode.swift; path = SendViewController.swift; sourceTree = "<group>"; };
		84C052AC20BD16A70013A7FF /* SwapViewController.swift */ = {isa = PBXFileReference; lastKnownFileType = sourcecode.swift; path = SwapViewController.swift; sourceTree = "<group>"; };
		84CA5C7520B7302E0064D1BC /* Mnemonic.storyboard */ = {isa = PBXFileReference; fileEncoding = 4; lastKnownFileType = file.storyboard; name = Mnemonic.storyboard; path = Storyboard/Mnemonic.storyboard; sourceTree = "<group>"; };
		84CA5C7620B7302E0064D1BC /* Tutorial.storyboard */ = {isa = PBXFileReference; fileEncoding = 4; lastKnownFileType = file.storyboard; name = Tutorial.storyboard; path = Storyboard/Tutorial.storyboard; sourceTree = "<group>"; };
		84CA5C7A20B730750064D1BC /* PinViewController.swift */ = {isa = PBXFileReference; lastKnownFileType = sourcecode.swift; path = PinViewController.swift; sourceTree = "<group>"; };
		84CA5C7C20B73DB50064D1BC /* Pin.storyboard */ = {isa = PBXFileReference; fileEncoding = 4; lastKnownFileType = file.storyboard; name = Pin.storyboard; path = Storyboard/Pin.storyboard; sourceTree = "<group>"; };
		84CA5C7F20B7DB9A0064D1BC /* HomeViewController.swift */ = {isa = PBXFileReference; lastKnownFileType = sourcecode.swift; path = HomeViewController.swift; sourceTree = "<group>"; };
		84CA5C8220B85C060064D1BC /* UserData.swift */ = {isa = PBXFileReference; lastKnownFileType = sourcecode.swift; path = UserData.swift; sourceTree = "<group>"; };
		84CA5C8420B85C5C0064D1BC /* Constants.swift */ = {isa = PBXFileReference; lastKnownFileType = sourcecode.swift; path = Constants.swift; sourceTree = "<group>"; };
		84CA5CB720B88D000064D1BC /* Assets.xcassets */ = {isa = PBXFileReference; lastKnownFileType = folder.assetcatalog; path = Assets.xcassets; sourceTree = "<group>"; };
		84E79E5120BEEF7400D08645 /* CoinListViewController.swift */ = {isa = PBXFileReference; lastKnownFileType = sourcecode.swift; path = CoinListViewController.swift; sourceTree = "<group>"; };
		84E79E5320BEF75900D08645 /* CoinTableViewCell.swift */ = {isa = PBXFileReference; lastKnownFileType = sourcecode.swift; path = CoinTableViewCell.swift; sourceTree = "<group>"; };
		84E79E5620BEFAFD00D08645 /* CoinModel.swift */ = {isa = PBXFileReference; lastKnownFileType = sourcecode.swift; path = CoinModel.swift; sourceTree = "<group>"; };
		9E553FFFB0EA36A89EA4BAA8 /* Pods_NRLWalletUITests.framework */ = {isa = PBXFileReference; explicitFileType = wrapper.framework; includeInIndex = 0; path = Pods_NRLWalletUITests.framework; sourceTree = BUILT_PRODUCTS_DIR; };
		C9EB94B4E53E3B4128C0F340 /* Pods_NRLWallet.framework */ = {isa = PBXFileReference; explicitFileType = wrapper.framework; includeInIndex = 0; path = Pods_NRLWallet.framework; sourceTree = BUILT_PRODUCTS_DIR; };
		D792922C20B02BEC00DC558C /* MnemonicViewController.swift */ = {isa = PBXFileReference; lastKnownFileType = sourcecode.swift; path = MnemonicViewController.swift; sourceTree = "<group>"; };
		D792922E20B04D6D00DC558C /* SourceSansPro-SemiBold.ttf */ = {isa = PBXFileReference; lastKnownFileType = file; path = "SourceSansPro-SemiBold.ttf"; sourceTree = "<group>"; };
		D792922F20B05FC100DC558C /* VerifyMnemonicViewController.swift */ = {isa = PBXFileReference; lastKnownFileType = sourcecode.swift; path = VerifyMnemonicViewController.swift; sourceTree = "<group>"; };
		D7A6E92820AEB0570075596E /* NRLWallet.app */ = {isa = PBXFileReference; explicitFileType = wrapper.application; includeInIndex = 0; path = NRLWallet.app; sourceTree = BUILT_PRODUCTS_DIR; };
		D7A6E92B20AEB0570075596E /* AppDelegate.swift */ = {isa = PBXFileReference; lastKnownFileType = sourcecode.swift; path = AppDelegate.swift; sourceTree = "<group>"; };
		D7A6E92D20AEB0570075596E /* Tutorial1ViewController.swift */ = {isa = PBXFileReference; lastKnownFileType = sourcecode.swift; path = Tutorial1ViewController.swift; sourceTree = "<group>"; };
		D7A6E93020AEB0570075596E /* Base */ = {isa = PBXFileReference; lastKnownFileType = file.storyboard; name = Base; path = Base.lproj/Main.storyboard; sourceTree = "<group>"; };
		D7A6E93520AEB0570075596E /* Base */ = {isa = PBXFileReference; lastKnownFileType = file.storyboard; name = Base; path = Base.lproj/LaunchScreen.storyboard; sourceTree = "<group>"; };
		D7A6E94020AEB0570075596E /* NRLWalletTests.swift */ = {isa = PBXFileReference; lastKnownFileType = sourcecode.swift; path = NRLWalletTests.swift; sourceTree = "<group>"; };
		D7A6E94220AEB0570075596E /* Info.plist */ = {isa = PBXFileReference; lastKnownFileType = text.plist.xml; path = Info.plist; sourceTree = "<group>"; };
		D7A6E94B20AEB0570075596E /* NRLWalletUITests.swift */ = {isa = PBXFileReference; lastKnownFileType = sourcecode.swift; path = NRLWalletUITests.swift; sourceTree = "<group>"; };
		D7A6E94D20AEB0570075596E /* Info.plist */ = {isa = PBXFileReference; lastKnownFileType = text.plist.xml; path = Info.plist; sourceTree = "<group>"; };
		D7A6E96320AEC1C60075596E /* Info.plist */ = {isa = PBXFileReference; fileEncoding = 4; lastKnownFileType = text.plist.xml; path = Info.plist; sourceTree = "<group>"; };
		D7A6E97120AECDF90075596E /* SourceSansPro-Regular.ttf */ = {isa = PBXFileReference; lastKnownFileType = file; path = "SourceSansPro-Regular.ttf"; sourceTree = "<group>"; };
		D7A6E97220AF09BA0075596E /* Tutorial2ViewController.swift */ = {isa = PBXFileReference; lastKnownFileType = sourcecode.swift; path = Tutorial2ViewController.swift; sourceTree = "<group>"; };
		D7A6E97420AF11070075596E /* Tutorial3ViewController.swift */ = {isa = PBXFileReference; lastKnownFileType = sourcecode.swift; path = Tutorial3ViewController.swift; sourceTree = "<group>"; };
		DE2407B1E8268C55E22B7B5C /* Pods_NRLWalletTests.framework */ = {isa = PBXFileReference; explicitFileType = wrapper.framework; includeInIndex = 0; path = Pods_NRLWalletTests.framework; sourceTree = BUILT_PRODUCTS_DIR; };
		E1496CC620CB3A7800E3AD45 /* BigInt.framework */ = {isa = PBXFileReference; lastKnownFileType = wrapper.framework; path = BigInt.framework; sourceTree = "<group>"; };
		E1496CCB20CB3C2A00E3AD45 /* PromiseKit.framework */ = {isa = PBXFileReference; lastKnownFileType = wrapper.framework; path = PromiseKit.framework; sourceTree = "<group>"; };
		E1496CCC20CB3C2B00E3AD45 /* SipHash.framework */ = {isa = PBXFileReference; lastKnownFileType = wrapper.framework; path = SipHash.framework; sourceTree = "<group>"; };
		E1496CCD20CB3C2B00E3AD45 /* NRLWalletSDK.framework */ = {isa = PBXFileReference; lastKnownFileType = wrapper.framework; path = NRLWalletSDK.framework; sourceTree = "<group>"; };
		E1496CCE20CB3C2B00E3AD45 /* CryptoSwift.framework */ = {isa = PBXFileReference; lastKnownFileType = wrapper.framework; path = CryptoSwift.framework; sourceTree = "<group>"; };
		E1496CCF20CB3C2B00E3AD45 /* secp256k1.framework */ = {isa = PBXFileReference; lastKnownFileType = wrapper.framework; path = secp256k1.framework; sourceTree = "<group>"; };
		E1496CD020CB3C2B00E3AD45 /* Web3.framework */ = {isa = PBXFileReference; lastKnownFileType = wrapper.framework; path = Web3.framework; sourceTree = "<group>"; };
		E1496CE620CB3E2700E3AD45 /* add_scalar.c */ = {isa = PBXFileReference; fileEncoding = 4; lastKnownFileType = sourcecode.c.c; path = add_scalar.c; sourceTree = "<group>"; };
		E1496CE720CB3E2700E3AD45 /* ed25519.h */ = {isa = PBXFileReference; fileEncoding = 4; lastKnownFileType = sourcecode.c.h; path = ed25519.h; sourceTree = "<group>"; };
		E1496CE820CB3E2700E3AD45 /* fe.c */ = {isa = PBXFileReference; fileEncoding = 4; lastKnownFileType = sourcecode.c.c; path = fe.c; sourceTree = "<group>"; };
		E1496CE920CB3E2700E3AD45 /* fe.h */ = {isa = PBXFileReference; fileEncoding = 4; lastKnownFileType = sourcecode.c.h; path = fe.h; sourceTree = "<group>"; };
		E1496CEA20CB3E2700E3AD45 /* fixedint.h */ = {isa = PBXFileReference; fileEncoding = 4; lastKnownFileType = sourcecode.c.h; path = fixedint.h; sourceTree = "<group>"; };
		E1496CEB20CB3E2700E3AD45 /* ge.c */ = {isa = PBXFileReference; fileEncoding = 4; lastKnownFileType = sourcecode.c.c; path = ge.c; sourceTree = "<group>"; };
		E1496CEC20CB3E2700E3AD45 /* ge.h */ = {isa = PBXFileReference; fileEncoding = 4; lastKnownFileType = sourcecode.c.h; path = ge.h; sourceTree = "<group>"; };
		E1496CED20CB3E2700E3AD45 /* key_exchange.c */ = {isa = PBXFileReference; fileEncoding = 4; lastKnownFileType = sourcecode.c.c; path = key_exchange.c; sourceTree = "<group>"; };
		E1496CEE20CB3E2700E3AD45 /* keypair.c */ = {isa = PBXFileReference; fileEncoding = 4; lastKnownFileType = sourcecode.c.c; path = keypair.c; sourceTree = "<group>"; };
		E1496CEF20CB3E2700E3AD45 /* license.txt */ = {isa = PBXFileReference; fileEncoding = 4; lastKnownFileType = text; path = license.txt; sourceTree = "<group>"; };
		E1496CF020CB3E2700E3AD45 /* module.modulemap */ = {isa = PBXFileReference; fileEncoding = 4; lastKnownFileType = "sourcecode.module-map"; path = module.modulemap; sourceTree = "<group>"; };
		E1496CF120CB3E2700E3AD45 /* precomp_data.h */ = {isa = PBXFileReference; fileEncoding = 4; lastKnownFileType = sourcecode.c.h; path = precomp_data.h; sourceTree = "<group>"; };
		E1496CF220CB3E2700E3AD45 /* sc.c */ = {isa = PBXFileReference; fileEncoding = 4; lastKnownFileType = sourcecode.c.c; path = sc.c; sourceTree = "<group>"; };
		E1496CF320CB3E2700E3AD45 /* sc.h */ = {isa = PBXFileReference; fileEncoding = 4; lastKnownFileType = sourcecode.c.h; path = sc.h; sourceTree = "<group>"; };
		E1496CF420CB3E2700E3AD45 /* seed.c */ = {isa = PBXFileReference; fileEncoding = 4; lastKnownFileType = sourcecode.c.c; path = seed.c; sourceTree = "<group>"; };
		E1496CF520CB3E2700E3AD45 /* sha512.c */ = {isa = PBXFileReference; fileEncoding = 4; lastKnownFileType = sourcecode.c.c; path = sha512.c; sourceTree = "<group>"; };
		E1496CF620CB3E2700E3AD45 /* sha512.h */ = {isa = PBXFileReference; fileEncoding = 4; lastKnownFileType = sourcecode.c.h; path = sha512.h; sourceTree = "<group>"; };
		E1496CF720CB3E2700E3AD45 /* sign.c */ = {isa = PBXFileReference; fileEncoding = 4; lastKnownFileType = sourcecode.c.c; path = sign.c; sourceTree = "<group>"; };
		E1496CF820CB3E2700E3AD45 /* verify.c */ = {isa = PBXFileReference; fileEncoding = 4; lastKnownFileType = sourcecode.c.c; path = verify.c; sourceTree = "<group>"; };
/* End PBXFileReference section */

/* Begin PBXFrameworksBuildPhase section */
		D7A6E92520AEB0570075596E /* Frameworks */ = {
			isa = PBXFrameworksBuildPhase;
			buildActionMask = 2147483647;
			files = (
				A48ADB8CA58B9500A4DB4A83 /* Pods_NRLWallet.framework in Frameworks */,
			);
			runOnlyForDeploymentPostprocessing = 0;
		};
/* End PBXFrameworksBuildPhase section */

/* Begin PBXGroup section */
		5961D1FB6939E0054D1F3A0A /* Frameworks */ = {
			isa = PBXGroup;
			children = (
				C9EB94B4E53E3B4128C0F340 /* Pods_NRLWallet.framework */,
				DE2407B1E8268C55E22B7B5C /* Pods_NRLWalletTests.framework */,
				9E553FFFB0EA36A89EA4BAA8 /* Pods_NRLWalletUITests.framework */,
			);
			name = Frameworks;
			sourceTree = "<group>";
		};
		84779D8620B9AC2900F36973 /* Sidemenu */ = {
			isa = PBXGroup;
			children = (
				84779D8720B9AC5700F36973 /* SideMenuViewController.swift */,
			);
			path = Sidemenu;
			sourceTree = "<group>";
		};
		84779D8920B9B06700F36973 /* Base */ = {
			isa = PBXGroup;
			children = (
				84779D8A20B9B08100F36973 /* BaseViewController.swift */,
				84779D8C20B9B1E500F36973 /* BaseNavViewController.swift */,
			);
			path = Base;
			sourceTree = "<group>";
		};
		84CA5C7120B72FBB0064D1BC /* Pin */ = {
			isa = PBXGroup;
			children = (
				84CA5C7A20B730750064D1BC /* PinViewController.swift */,
			);
			path = Pin;
			sourceTree = "<group>";
		};
		84CA5C7E20B7DB690064D1BC /* Home */ = {
			isa = PBXGroup;
			children = (
				84CA5C7F20B7DB9A0064D1BC /* HomeViewController.swift */,
				84C052A820BD16900013A7FF /* ReceiveViewController.swift */,
				84C052AA20BD169D0013A7FF /* SendViewController.swift */,
				84C052AC20BD16A70013A7FF /* SwapViewController.swift */,
				84E79E5120BEEF7400D08645 /* CoinListViewController.swift */,
			);
			path = Home;
			sourceTree = "<group>";
		};
		84CA5C8120B85BEE0064D1BC /* Utils */ = {
			isa = PBXGroup;
			children = (
				84CA5C8220B85C060064D1BC /* UserData.swift */,
				84CA5C8420B85C5C0064D1BC /* Constants.swift */,
				849ADB5220C138590060ED23 /* AppController.swift */,
			);
			path = Utils;
			sourceTree = "<group>";
		};
		84E79E5520BEFAE400D08645 /* Models */ = {
			isa = PBXGroup;
			children = (
				84E79E5620BEFAFD00D08645 /* CoinModel.swift */,
			);
			path = Models;
			sourceTree = "<group>";
		};
		84E79E5820BEFBD900D08645 /* Cells */ = {
			isa = PBXGroup;
			children = (
				84E79E5320BEF75900D08645 /* CoinTableViewCell.swift */,
			);
			path = Cells;
			sourceTree = "<group>";
		};
		BAA59D1B2682781A7C8CDB8C /* Pods */ = {
			isa = PBXGroup;
			children = (
				4E224D578FEC82D98F0CCF4E /* Pods-NRLWallet.debug.xcconfig */,
				1D9795419F5DF3CF0C8D0F77 /* Pods-NRLWallet.release.xcconfig */,
			);
			name = Pods;
			sourceTree = "<group>";
		};
		D7A6E91F20AEB0560075596E = {
			isa = PBXGroup;
			children = (
				E1496C9420CB2FF600E3AD45 /* library */,
				D7A6E92A20AEB0570075596E /* NRLWallet */,
				D7A6E93F20AEB0570075596E /* NRLWalletTests */,
				D7A6E94A20AEB0570075596E /* NRLWalletUITests */,
				D7A6E92920AEB0570075596E /* Products */,
				BAA59D1B2682781A7C8CDB8C /* Pods */,
				5961D1FB6939E0054D1F3A0A /* Frameworks */,
			);
			sourceTree = "<group>";
		};
		D7A6E92920AEB0570075596E /* Products */ = {
			isa = PBXGroup;
			children = (
				D7A6E92820AEB0570075596E /* NRLWallet.app */,
			);
			name = Products;
			sourceTree = "<group>";
		};
		D7A6E92A20AEB0570075596E /* NRLWallet */ = {
			isa = PBXGroup;
			children = (
				D7A6E96520AEC21C0075596E /* Storyboards */,
				D7A6E96220AEC1A80075596E /* Support */,
				D7A6E96020AEC01F0075596E /* Resources */,
				84CA5C8120B85BEE0064D1BC /* Utils */,
				84E79E5520BEFAE400D08645 /* Models */,
				84E79E5820BEFBD900D08645 /* Cells */,
				D7A6E95920AEB8DF0075596E /* ViewControllers */,
				D7A6E92B20AEB0570075596E /* AppDelegate.swift */,
			);
			path = NRLWallet;
			sourceTree = "<group>";
		};
		D7A6E93F20AEB0570075596E /* NRLWalletTests */ = {
			isa = PBXGroup;
			children = (
				D7A6E94020AEB0570075596E /* NRLWalletTests.swift */,
				D7A6E94220AEB0570075596E /* Info.plist */,
			);
			path = NRLWalletTests;
			sourceTree = "<group>";
		};
		D7A6E94A20AEB0570075596E /* NRLWalletUITests */ = {
			isa = PBXGroup;
			children = (
				D7A6E94B20AEB0570075596E /* NRLWalletUITests.swift */,
				D7A6E94D20AEB0570075596E /* Info.plist */,
			);
			path = NRLWalletUITests;
			sourceTree = "<group>";
		};
		D7A6E95920AEB8DF0075596E /* ViewControllers */ = {
			isa = PBXGroup;
			children = (
				84779D8920B9B06700F36973 /* Base */,
				84779D8620B9AC2900F36973 /* Sidemenu */,
				84CA5C7E20B7DB690064D1BC /* Home */,
				84CA5C7120B72FBB0064D1BC /* Pin */,
				D7A6E95B20AEBC970075596E /* Mnemonic */,
				D7A6E95A20AEBC900075596E /* Tutorial */,
			);
			path = ViewControllers;
			sourceTree = "<group>";
		};
		D7A6E95A20AEBC900075596E /* Tutorial */ = {
			isa = PBXGroup;
			children = (
				D7A6E92D20AEB0570075596E /* Tutorial1ViewController.swift */,
				D7A6E97220AF09BA0075596E /* Tutorial2ViewController.swift */,
				D7A6E97420AF11070075596E /* Tutorial3ViewController.swift */,
			);
			path = Tutorial;
			sourceTree = "<group>";
		};
		D7A6E95B20AEBC970075596E /* Mnemonic */ = {
			isa = PBXGroup;
			children = (
				D792922C20B02BEC00DC558C /* MnemonicViewController.swift */,
				D792922F20B05FC100DC558C /* VerifyMnemonicViewController.swift */,
			);
			path = Mnemonic;
			sourceTree = "<group>";
		};
		D7A6E96020AEC01F0075596E /* Resources */ = {
			isa = PBXGroup;
			children = (
				84CA5CB720B88D000064D1BC /* Assets.xcassets */,
				D7A6E97020AECDA80075596E /* Fonts */,
			);
			path = Resources;
			sourceTree = "<group>";
		};
		D7A6E96220AEC1A80075596E /* Support */ = {
			isa = PBXGroup;
			children = (
				D7A6E96320AEC1C60075596E /* Info.plist */,
			);
			name = Support;
			sourceTree = "<group>";
		};
		D7A6E96520AEC21C0075596E /* Storyboards */ = {
			isa = PBXGroup;
			children = (
				84CA5C7C20B73DB50064D1BC /* Pin.storyboard */,
				84CA5C7520B7302E0064D1BC /* Mnemonic.storyboard */,
				84CA5C7620B7302E0064D1BC /* Tutorial.storyboard */,
				D7A6E92F20AEB0570075596E /* Main.storyboard */,
				D7A6E93420AEB0570075596E /* LaunchScreen.storyboard */,
			);
			name = Storyboards;
			sourceTree = "<group>";
		};
		D7A6E97020AECDA80075596E /* Fonts */ = {
			isa = PBXGroup;
			children = (
				D792922E20B04D6D00DC558C /* SourceSansPro-SemiBold.ttf */,
				D7A6E97120AECDF90075596E /* SourceSansPro-Regular.ttf */,
			);
			path = Fonts;
			sourceTree = "<group>";
		};
		E1496C9420CB2FF600E3AD45 /* library */ = {
			isa = PBXGroup;
			children = (
				E1496CE520CB3E2700E3AD45 /* ed25519-C */,
				E1496CCE20CB3C2B00E3AD45 /* CryptoSwift.framework */,
				E1496CCD20CB3C2B00E3AD45 /* NRLWalletSDK.framework */,
				E1496CCB20CB3C2A00E3AD45 /* PromiseKit.framework */,
				E1496CCF20CB3C2B00E3AD45 /* secp256k1.framework */,
				E1496CCC20CB3C2B00E3AD45 /* SipHash.framework */,
				E1496CD020CB3C2B00E3AD45 /* Web3.framework */,
				E1496CC620CB3A7800E3AD45 /* BigInt.framework */,
			);
			path = library;
			sourceTree = "<group>";
		};
		E1496CE520CB3E2700E3AD45 /* ed25519-C */ = {
			isa = PBXGroup;
			children = (
				E1496CE620CB3E2700E3AD45 /* add_scalar.c */,
				E1496CE720CB3E2700E3AD45 /* ed25519.h */,
				E1496CE820CB3E2700E3AD45 /* fe.c */,
				E1496CE920CB3E2700E3AD45 /* fe.h */,
				E1496CEA20CB3E2700E3AD45 /* fixedint.h */,
				E1496CEB20CB3E2700E3AD45 /* ge.c */,
				E1496CEC20CB3E2700E3AD45 /* ge.h */,
				E1496CED20CB3E2700E3AD45 /* key_exchange.c */,
				E1496CEE20CB3E2700E3AD45 /* keypair.c */,
				E1496CEF20CB3E2700E3AD45 /* license.txt */,
				E1496CF020CB3E2700E3AD45 /* module.modulemap */,
				E1496CF120CB3E2700E3AD45 /* precomp_data.h */,
				E1496CF220CB3E2700E3AD45 /* sc.c */,
				E1496CF320CB3E2700E3AD45 /* sc.h */,
				E1496CF420CB3E2700E3AD45 /* seed.c */,
				E1496CF520CB3E2700E3AD45 /* sha512.c */,
				E1496CF620CB3E2700E3AD45 /* sha512.h */,
				E1496CF720CB3E2700E3AD45 /* sign.c */,
				E1496CF820CB3E2700E3AD45 /* verify.c */,
			);
			path = "ed25519-C";
			sourceTree = "<group>";
		};
/* End PBXGroup section */

/* Begin PBXHeadersBuildPhase section */
		E1496D0420CB3E8100E3AD45 /* Headers */ = {
			isa = PBXHeadersBuildPhase;
			buildActionMask = 2147483647;
			files = (
				E1496D0520CB3E8F00E3AD45 /* add_scalar.c in Headers */,
				E1496D0620CB3E8F00E3AD45 /* ed25519.h in Headers */,
				E1496D0720CB3E8F00E3AD45 /* fe.c in Headers */,
				E1496D0820CB3E8F00E3AD45 /* fe.h in Headers */,
				E1496D0920CB3E8F00E3AD45 /* fixedint.h in Headers */,
				E1496D0A20CB3E8F00E3AD45 /* ge.c in Headers */,
				E1496D0B20CB3E8F00E3AD45 /* ge.h in Headers */,
				E1496D0C20CB3E8F00E3AD45 /* key_exchange.c in Headers */,
				E1496D0D20CB3E8F00E3AD45 /* keypair.c in Headers */,
				E1496D0E20CB3E8F00E3AD45 /* license.txt in Headers */,
				E1496D0F20CB3E8F00E3AD45 /* module.modulemap in Headers */,
				E1496D1020CB3E8F00E3AD45 /* precomp_data.h in Headers */,
				E1496D1120CB3E8F00E3AD45 /* sc.c in Headers */,
				E1496D1220CB3E8F00E3AD45 /* sc.h in Headers */,
				E1496D1320CB3E8F00E3AD45 /* seed.c in Headers */,
				E1496D1420CB3E8F00E3AD45 /* sha512.c in Headers */,
				E1496D1520CB3E8F00E3AD45 /* sha512.h in Headers */,
				E1496D1620CB3E8F00E3AD45 /* sign.c in Headers */,
				E1496D1720CB3E8F00E3AD45 /* verify.c in Headers */,
			);
			runOnlyForDeploymentPostprocessing = 0;
		};
/* End PBXHeadersBuildPhase section */

/* Begin PBXNativeTarget section */
		D7A6E92720AEB0570075596E /* NRLWallet */ = {
			isa = PBXNativeTarget;
			buildConfigurationList = D7A6E95020AEB0570075596E /* Build configuration list for PBXNativeTarget "NRLWallet" */;
			buildPhases = (
				868E7EB259A9B47915AF6297 /* [CP] Check Pods Manifest.lock */,
				D7A6E92420AEB0570075596E /* Sources */,
				D7A6E92520AEB0570075596E /* Frameworks */,
				D7A6E92620AEB0570075596E /* Resources */,
				B2542794CFF2BAD3C765DA4F /* [CP] Embed Pods Frameworks */,
				E1496CCA20CB3A8800E3AD45 /* Embed Frameworks */,
				E1496D0420CB3E8100E3AD45 /* Headers */,
			);
			buildRules = (
			);
			dependencies = (
			);
			name = NRLWallet;
			productName = NRLWallet;
			productReference = D7A6E92820AEB0570075596E /* NRLWallet.app */;
			productType = "com.apple.product-type.application";
		};
/* End PBXNativeTarget section */

/* Begin PBXProject section */
		D7A6E92020AEB0560075596E /* Project object */ = {
			isa = PBXProject;
			attributes = {
				LastSwiftUpdateCheck = 0920;
				LastUpgradeCheck = 0920;
				ORGANIZATIONNAME = NoRestLabs;
				TargetAttributes = {
					D7A6E92720AEB0570075596E = {
						CreatedOnToolsVersion = 9.2;
						ProvisioningStyle = Automatic;
					};
				};
			};
			buildConfigurationList = D7A6E92320AEB0560075596E /* Build configuration list for PBXProject "NRLWallet" */;
			compatibilityVersion = "Xcode 8.0";
			developmentRegion = en;
			hasScannedForEncodings = 0;
			knownRegions = (
				en,
				Base,
			);
			mainGroup = D7A6E91F20AEB0560075596E;
			productRefGroup = D7A6E92920AEB0570075596E /* Products */;
			projectDirPath = "";
			projectRoot = "";
			targets = (
				D7A6E92720AEB0570075596E /* NRLWallet */,
			);
		};
/* End PBXProject section */

/* Begin PBXResourcesBuildPhase section */
		D7A6E92620AEB0570075596E /* Resources */ = {
			isa = PBXResourcesBuildPhase;
			buildActionMask = 2147483647;
			files = (
				D792923220B090FD00DC558C /* SourceSansPro-Regular.ttf in Resources */,
				84CA5C7820B7302E0064D1BC /* Mnemonic.storyboard in Resources */,
				D7A6E93620AEB0570075596E /* LaunchScreen.storyboard in Resources */,
				E1496CFE20CB3E2700E3AD45 /* license.txt in Resources */,
				84CA5C7D20B73DB60064D1BC /* Pin.storyboard in Resources */,
				D7A6E93120AEB0570075596E /* Main.storyboard in Resources */,
				84CA5C7920B7302E0064D1BC /* Tutorial.storyboard in Resources */,
				84CA5CB820B88D000064D1BC /* Assets.xcassets in Resources */,
				D792923120B090F900DC558C /* SourceSansPro-SemiBold.ttf in Resources */,
			);
			runOnlyForDeploymentPostprocessing = 0;
		};
/* End PBXResourcesBuildPhase section */

/* Begin PBXShellScriptBuildPhase section */
		868E7EB259A9B47915AF6297 /* [CP] Check Pods Manifest.lock */ = {
			isa = PBXShellScriptBuildPhase;
			buildActionMask = 2147483647;
			files = (
			);
			inputPaths = (
				"${PODS_PODFILE_DIR_PATH}/Podfile.lock",
				"${PODS_ROOT}/Manifest.lock",
			);
			name = "[CP] Check Pods Manifest.lock";
			outputPaths = (
				"$(DERIVED_FILE_DIR)/Pods-NRLWallet-checkManifestLockResult.txt",
			);
			runOnlyForDeploymentPostprocessing = 0;
			shellPath = /bin/sh;
			shellScript = "diff \"${PODS_PODFILE_DIR_PATH}/Podfile.lock\" \"${PODS_ROOT}/Manifest.lock\" > /dev/null\nif [ $? != 0 ] ; then\n    # print error to STDERR\n    echo \"error: The sandbox is not in sync with the Podfile.lock. Run 'pod install' or update your CocoaPods installation.\" >&2\n    exit 1\nfi\n# This output is used by Xcode 'outputs' to avoid re-running this script phase.\necho \"SUCCESS\" > \"${SCRIPT_OUTPUT_FILE_0}\"\n";
			showEnvVarsInLog = 0;
		};
		B2542794CFF2BAD3C765DA4F /* [CP] Embed Pods Frameworks */ = {
			isa = PBXShellScriptBuildPhase;
			buildActionMask = 2147483647;
			files = (
			);
			inputPaths = (
				"${SRCROOT}/Pods/Target Support Files/Pods-NRLWallet/Pods-NRLWallet-frameworks.sh",
				"${BUILT_PRODUCTS_DIR}/Alamofire/Alamofire.framework",
				"${BUILT_PRODUCTS_DIR}/DropDown/DropDown.framework",
				"${BUILT_PRODUCTS_DIR}/QRCode/QRCode.framework",
				"${BUILT_PRODUCTS_DIR}/RNCryptor/RNCryptor.framework",
				"${BUILT_PRODUCTS_DIR}/SWRevealViewController/SWRevealViewController.framework",
				"${BUILT_PRODUCTS_DIR}/TPKeyboardAvoiding/TPKeyboardAvoiding.framework",
				"${BUILT_PRODUCTS_DIR}/TagListView/TagListView.framework",
				"${BUILT_PRODUCTS_DIR}/Toast-Swift/Toast_Swift.framework",
				"${BUILT_PRODUCTS_DIR}/XLPagerTabStrip/XLPagerTabStrip.framework",
			);
			name = "[CP] Embed Pods Frameworks";
			outputPaths = (
				"${TARGET_BUILD_DIR}/${FRAMEWORKS_FOLDER_PATH}/Alamofire.framework",
				"${TARGET_BUILD_DIR}/${FRAMEWORKS_FOLDER_PATH}/DropDown.framework",
				"${TARGET_BUILD_DIR}/${FRAMEWORKS_FOLDER_PATH}/QRCode.framework",
				"${TARGET_BUILD_DIR}/${FRAMEWORKS_FOLDER_PATH}/RNCryptor.framework",
				"${TARGET_BUILD_DIR}/${FRAMEWORKS_FOLDER_PATH}/SWRevealViewController.framework",
				"${TARGET_BUILD_DIR}/${FRAMEWORKS_FOLDER_PATH}/TPKeyboardAvoiding.framework",
				"${TARGET_BUILD_DIR}/${FRAMEWORKS_FOLDER_PATH}/TagListView.framework",
				"${TARGET_BUILD_DIR}/${FRAMEWORKS_FOLDER_PATH}/Toast_Swift.framework",
				"${TARGET_BUILD_DIR}/${FRAMEWORKS_FOLDER_PATH}/XLPagerTabStrip.framework",
			);
			runOnlyForDeploymentPostprocessing = 0;
			shellPath = /bin/sh;
			shellScript = "\"${SRCROOT}/Pods/Target Support Files/Pods-NRLWallet/Pods-NRLWallet-frameworks.sh\"\n";
			showEnvVarsInLog = 0;
		};
/* End PBXShellScriptBuildPhase section */

/* Begin PBXSourcesBuildPhase section */
		D7A6E92420AEB0570075596E /* Sources */ = {
			isa = PBXSourcesBuildPhase;
			buildActionMask = 2147483647;
			files = (
				84E79E5720BEFAFD00D08645 /* CoinModel.swift in Sources */,
				E1496D0020CB3E2700E3AD45 /* seed.c in Sources */,
				84779D8B20B9B08100F36973 /* BaseViewController.swift in Sources */,
				E1496CFC20CB3E2700E3AD45 /* key_exchange.c in Sources */,
				84CA5C7B20B730750064D1BC /* PinViewController.swift in Sources */,
				84CA5C8520B85C5C0064D1BC /* Constants.swift in Sources */,
				E1496CFF20CB3E2700E3AD45 /* sc.c in Sources */,
				E1496CFA20CB3E2700E3AD45 /* fe.c in Sources */,
				84E79E5220BEEF7400D08645 /* CoinListViewController.swift in Sources */,
				84779D8D20B9B1E500F36973 /* BaseNavViewController.swift in Sources */,
				E1496D0320CB3E2700E3AD45 /* verify.c in Sources */,
				849ADB5320C138590060ED23 /* AppController.swift in Sources */,
				E1496CFB20CB3E2700E3AD45 /* ge.c in Sources */,
				D792922D20B02BED00DC558C /* MnemonicViewController.swift in Sources */,
				84779D8820B9AC5700F36973 /* SideMenuViewController.swift in Sources */,
				84C052A920BD16900013A7FF /* ReceiveViewController.swift in Sources */,
				D7A6E92E20AEB0570075596E /* Tutorial1ViewController.swift in Sources */,
				D7A6E97320AF09BA0075596E /* Tutorial2ViewController.swift in Sources */,
				E1496CFD20CB3E2700E3AD45 /* keypair.c in Sources */,
				84C052AD20BD16A70013A7FF /* SwapViewController.swift in Sources */,
				84CA5C8020B7DB9A0064D1BC /* HomeViewController.swift in Sources */,
				D792923020B05FC100DC558C /* VerifyMnemonicViewController.swift in Sources */,
				84C052AB20BD169D0013A7FF /* SendViewController.swift in Sources */,
				E1496CF920CB3E2700E3AD45 /* add_scalar.c in Sources */,
				D7A6E97520AF11070075596E /* Tutorial3ViewController.swift in Sources */,
				84CA5C8320B85C060064D1BC /* UserData.swift in Sources */,
				E1496D0120CB3E2700E3AD45 /* sha512.c in Sources */,
				D7A6E92C20AEB0570075596E /* AppDelegate.swift in Sources */,
				84E79E5420BEF75900D08645 /* CoinTableViewCell.swift in Sources */,
				E1496D0220CB3E2700E3AD45 /* sign.c in Sources */,
			);
			runOnlyForDeploymentPostprocessing = 0;
		};
/* End PBXSourcesBuildPhase section */

/* Begin PBXVariantGroup section */
		D7A6E92F20AEB0570075596E /* Main.storyboard */ = {
			isa = PBXVariantGroup;
			children = (
				D7A6E93020AEB0570075596E /* Base */,
			);
			name = Main.storyboard;
			sourceTree = "<group>";
		};
		D7A6E93420AEB0570075596E /* LaunchScreen.storyboard */ = {
			isa = PBXVariantGroup;
			children = (
				D7A6E93520AEB0570075596E /* Base */,
			);
			name = LaunchScreen.storyboard;
			sourceTree = "<group>";
		};
/* End PBXVariantGroup section */

/* Begin XCBuildConfiguration section */
		D7A6E94E20AEB0570075596E /* Debug */ = {
			isa = XCBuildConfiguration;
			buildSettings = {
				ALWAYS_SEARCH_USER_PATHS = NO;
				CLANG_ANALYZER_NONNULL = YES;
				CLANG_ANALYZER_NUMBER_OBJECT_CONVERSION = YES_AGGRESSIVE;
				CLANG_CXX_LANGUAGE_STANDARD = "gnu++14";
				CLANG_CXX_LIBRARY = "libc++";
				CLANG_ENABLE_MODULES = YES;
				CLANG_ENABLE_OBJC_ARC = YES;
				CLANG_WARN_BLOCK_CAPTURE_AUTORELEASING = YES;
				CLANG_WARN_BOOL_CONVERSION = YES;
				CLANG_WARN_COMMA = YES;
				CLANG_WARN_CONSTANT_CONVERSION = YES;
				CLANG_WARN_DIRECT_OBJC_ISA_USAGE = YES_ERROR;
				CLANG_WARN_DOCUMENTATION_COMMENTS = YES;
				CLANG_WARN_EMPTY_BODY = YES;
				CLANG_WARN_ENUM_CONVERSION = YES;
				CLANG_WARN_INFINITE_RECURSION = YES;
				CLANG_WARN_INT_CONVERSION = YES;
				CLANG_WARN_NON_LITERAL_NULL_CONVERSION = YES;
				CLANG_WARN_OBJC_LITERAL_CONVERSION = YES;
				CLANG_WARN_OBJC_ROOT_CLASS = YES_ERROR;
				CLANG_WARN_RANGE_LOOP_ANALYSIS = YES;
				CLANG_WARN_STRICT_PROTOTYPES = YES;
				CLANG_WARN_SUSPICIOUS_MOVE = YES;
				CLANG_WARN_UNGUARDED_AVAILABILITY = YES_AGGRESSIVE;
				CLANG_WARN_UNREACHABLE_CODE = YES;
				CLANG_WARN__DUPLICATE_METHOD_MATCH = YES;
				CODE_SIGN_IDENTITY = "iPhone Developer";
				COPY_PHASE_STRIP = NO;
				DEBUG_INFORMATION_FORMAT = dwarf;
				ENABLE_STRICT_OBJC_MSGSEND = YES;
				ENABLE_TESTABILITY = YES;
				GCC_C_LANGUAGE_STANDARD = gnu11;
				GCC_DYNAMIC_NO_PIC = NO;
				GCC_NO_COMMON_BLOCKS = YES;
				GCC_OPTIMIZATION_LEVEL = 0;
				GCC_PREPROCESSOR_DEFINITIONS = (
					"DEBUG=1",
					"$(inherited)",
				);
				GCC_WARN_64_TO_32_BIT_CONVERSION = YES;
				GCC_WARN_ABOUT_RETURN_TYPE = YES_ERROR;
				GCC_WARN_UNDECLARED_SELECTOR = YES;
				GCC_WARN_UNINITIALIZED_AUTOS = YES_AGGRESSIVE;
				GCC_WARN_UNUSED_FUNCTION = YES;
				GCC_WARN_UNUSED_VARIABLE = YES;
				IPHONEOS_DEPLOYMENT_TARGET = 11.2;
				MTL_ENABLE_DEBUG_INFO = YES;
				ONLY_ACTIVE_ARCH = YES;
				SDKROOT = iphoneos;
				SWIFT_ACTIVE_COMPILATION_CONDITIONS = DEBUG;
				SWIFT_OPTIMIZATION_LEVEL = "-Onone";
			};
			name = Debug;
		};
		D7A6E94F20AEB0570075596E /* Release */ = {
			isa = XCBuildConfiguration;
			buildSettings = {
				ALWAYS_SEARCH_USER_PATHS = NO;
				CLANG_ANALYZER_NONNULL = YES;
				CLANG_ANALYZER_NUMBER_OBJECT_CONVERSION = YES_AGGRESSIVE;
				CLANG_CXX_LANGUAGE_STANDARD = "gnu++14";
				CLANG_CXX_LIBRARY = "libc++";
				CLANG_ENABLE_MODULES = YES;
				CLANG_ENABLE_OBJC_ARC = YES;
				CLANG_WARN_BLOCK_CAPTURE_AUTORELEASING = YES;
				CLANG_WARN_BOOL_CONVERSION = YES;
				CLANG_WARN_COMMA = YES;
				CLANG_WARN_CONSTANT_CONVERSION = YES;
				CLANG_WARN_DIRECT_OBJC_ISA_USAGE = YES_ERROR;
				CLANG_WARN_DOCUMENTATION_COMMENTS = YES;
				CLANG_WARN_EMPTY_BODY = YES;
				CLANG_WARN_ENUM_CONVERSION = YES;
				CLANG_WARN_INFINITE_RECURSION = YES;
				CLANG_WARN_INT_CONVERSION = YES;
				CLANG_WARN_NON_LITERAL_NULL_CONVERSION = YES;
				CLANG_WARN_OBJC_LITERAL_CONVERSION = YES;
				CLANG_WARN_OBJC_ROOT_CLASS = YES_ERROR;
				CLANG_WARN_RANGE_LOOP_ANALYSIS = YES;
				CLANG_WARN_STRICT_PROTOTYPES = YES;
				CLANG_WARN_SUSPICIOUS_MOVE = YES;
				CLANG_WARN_UNGUARDED_AVAILABILITY = YES_AGGRESSIVE;
				CLANG_WARN_UNREACHABLE_CODE = YES;
				CLANG_WARN__DUPLICATE_METHOD_MATCH = YES;
				CODE_SIGN_IDENTITY = "iPhone Developer";
				COPY_PHASE_STRIP = NO;
				DEBUG_INFORMATION_FORMAT = "dwarf-with-dsym";
				ENABLE_NS_ASSERTIONS = NO;
				ENABLE_STRICT_OBJC_MSGSEND = YES;
				GCC_C_LANGUAGE_STANDARD = gnu11;
				GCC_NO_COMMON_BLOCKS = YES;
				GCC_WARN_64_TO_32_BIT_CONVERSION = YES;
				GCC_WARN_ABOUT_RETURN_TYPE = YES_ERROR;
				GCC_WARN_UNDECLARED_SELECTOR = YES;
				GCC_WARN_UNINITIALIZED_AUTOS = YES_AGGRESSIVE;
				GCC_WARN_UNUSED_FUNCTION = YES;
				GCC_WARN_UNUSED_VARIABLE = YES;
				IPHONEOS_DEPLOYMENT_TARGET = 11.2;
				MTL_ENABLE_DEBUG_INFO = NO;
				SDKROOT = iphoneos;
				SWIFT_OPTIMIZATION_LEVEL = "-Owholemodule";
				VALIDATE_PRODUCT = YES;
			};
			name = Release;
		};
		D7A6E95120AEB0570075596E /* Debug */ = {
			isa = XCBuildConfiguration;
			baseConfigurationReference = 4E224D578FEC82D98F0CCF4E /* Pods-NRLWallet.debug.xcconfig */;
			buildSettings = {
				ASSETCATALOG_COMPILER_APPICON_NAME = AppIcon;
				CODE_SIGN_STYLE = Automatic;
				DEVELOPMENT_TEAM = E7J65AP6DQ;
				FRAMEWORK_SEARCH_PATHS = (
					"$(inherited)",
					"$(PROJECT_DIR)/framework",
					"$(PROJECT_DIR)/library",
				);
				HEADER_SEARCH_PATHS = "$(SRCROOT)/library";
				INFOPLIST_FILE = NRLWallet/Info.plist;
				IPHONEOS_DEPLOYMENT_TARGET = 11.3;
				LD_RUNPATH_SEARCH_PATHS = "$(inherited) @executable_path/Frameworks";
				LIBRARY_SEARCH_PATHS = (
					"$(inherited)",
					"$(PROJECT_DIR)/library",
				);
				PRODUCT_BUNDLE_IDENTIFIER = com.norestlabs.NRLWallet;
				PRODUCT_NAME = "$(TARGET_NAME)";
				SWIFT_VERSION = 4.0;
				TARGETED_DEVICE_FAMILY = "1,2";
			};
			name = Debug;
		};
		D7A6E95220AEB0570075596E /* Release */ = {
			isa = XCBuildConfiguration;
			baseConfigurationReference = 1D9795419F5DF3CF0C8D0F77 /* Pods-NRLWallet.release.xcconfig */;
			buildSettings = {
				ASSETCATALOG_COMPILER_APPICON_NAME = AppIcon;
				CODE_SIGN_STYLE = Automatic;
				DEVELOPMENT_TEAM = E7J65AP6DQ;
				FRAMEWORK_SEARCH_PATHS = (
					"$(inherited)",
					"$(PROJECT_DIR)/framework",
					"$(PROJECT_DIR)/library",
				);
				HEADER_SEARCH_PATHS = "$(SRCROOT)/library";
				INFOPLIST_FILE = NRLWallet/Info.plist;
				IPHONEOS_DEPLOYMENT_TARGET = 11.3;
				LD_RUNPATH_SEARCH_PATHS = "$(inherited) @executable_path/Frameworks";
				LIBRARY_SEARCH_PATHS = (
					"$(inherited)",
					"$(PROJECT_DIR)/library",
				);
				PRODUCT_BUNDLE_IDENTIFIER = com.norestlabs.NRLWallet;
				PRODUCT_NAME = "$(TARGET_NAME)";
				SWIFT_VERSION = 4.0;
				TARGETED_DEVICE_FAMILY = "1,2";
			};
			name = Release;
		};
/* End XCBuildConfiguration section */

/* Begin XCConfigurationList section */
		D7A6E92320AEB0560075596E /* Build configuration list for PBXProject "NRLWallet" */ = {
			isa = XCConfigurationList;
			buildConfigurations = (
				D7A6E94E20AEB0570075596E /* Debug */,
				D7A6E94F20AEB0570075596E /* Release */,
			);
			defaultConfigurationIsVisible = 0;
			defaultConfigurationName = Release;
		};
		D7A6E95020AEB0570075596E /* Build configuration list for PBXNativeTarget "NRLWallet" */ = {
			isa = XCConfigurationList;
			buildConfigurations = (
				D7A6E95120AEB0570075596E /* Debug */,
				D7A6E95220AEB0570075596E /* Release */,
			);
			defaultConfigurationIsVisible = 0;
			defaultConfigurationName = Release;
		};
/* End XCConfigurationList section */
	};
	rootObject = D7A6E92020AEB0560075596E /* Project object */;
}
