// !$*UTF8*$!
{
	archiveVersion = 1;
	classes = {
	};
	objectVersion = 48;
	objects = {

/* Begin PBXBuildFile section */
		D7A6E92C20AEB0570075596E /* AppDelegate.swift in Sources */ = {isa = PBXBuildFile; fileRef = D7A6E92B20AEB0570075596E /* AppDelegate.swift */; };
		D7A6E92E20AEB0570075596E /* Tutorial1ViewController.swift in Sources */ = {isa = PBXBuildFile; fileRef = D7A6E92D20AEB0570075596E /* Tutorial1ViewController.swift */; };
		D7A6E93120AEB0570075596E /* Main.storyboard in Resources */ = {isa = PBXBuildFile; fileRef = D7A6E92F20AEB0570075596E /* Main.storyboard */; };
		D7A6E93320AEB0570075596E /* Assets.xcassets in Resources */ = {isa = PBXBuildFile; fileRef = D7A6E93220AEB0570075596E /* Assets.xcassets */; };
		D7A6E93620AEB0570075596E /* LaunchScreen.storyboard in Resources */ = {isa = PBXBuildFile; fileRef = D7A6E93420AEB0570075596E /* LaunchScreen.storyboard */; };
		D7A6E94120AEB0570075596E /* NRLWalletTests.swift in Sources */ = {isa = PBXBuildFile; fileRef = D7A6E94020AEB0570075596E /* NRLWalletTests.swift */; };
		D7A6E94C20AEB0570075596E /* NRLWalletUITests.swift in Sources */ = {isa = PBXBuildFile; fileRef = D7A6E94B20AEB0570075596E /* NRLWalletUITests.swift */; };
		D7A6E96420AEC1C60075596E /* Info.plist in Resources */ = {isa = PBXBuildFile; fileRef = D7A6E96320AEC1C60075596E /* Info.plist */; };
		D7A6E96720AEC2E60075596E /* Tutorial.storyboard in Resources */ = {isa = PBXBuildFile; fileRef = D7A6E96620AEC2E60075596E /* Tutorial.storyboard */; };
/* End PBXBuildFile section */

/* Begin PBXContainerItemProxy section */
		D7A6E93D20AEB0570075596E /* PBXContainerItemProxy */ = {
			isa = PBXContainerItemProxy;
			containerPortal = D7A6E92020AEB0560075596E /* Project object */;
			proxyType = 1;
			remoteGlobalIDString = D7A6E92720AEB0570075596E;
			remoteInfo = NRLWallet;
		};
		D7A6E94820AEB0570075596E /* PBXContainerItemProxy */ = {
			isa = PBXContainerItemProxy;
			containerPortal = D7A6E92020AEB0560075596E /* Project object */;
			proxyType = 1;
			remoteGlobalIDString = D7A6E92720AEB0570075596E;
			remoteInfo = NRLWallet;
		};
/* End PBXContainerItemProxy section */

/* Begin PBXFileReference section */
		D7A6E92820AEB0570075596E /* NRLWallet.app */ = {isa = PBXFileReference; explicitFileType = wrapper.application; includeInIndex = 0; path = NRLWallet.app; sourceTree = BUILT_PRODUCTS_DIR; };
		D7A6E92B20AEB0570075596E /* AppDelegate.swift */ = {isa = PBXFileReference; lastKnownFileType = sourcecode.swift; path = AppDelegate.swift; sourceTree = "<group>"; };
		D7A6E92D20AEB0570075596E /* Tutorial1ViewController.swift */ = {isa = PBXFileReference; lastKnownFileType = sourcecode.swift; path = Tutorial1ViewController.swift; sourceTree = "<group>"; };
		D7A6E93020AEB0570075596E /* Base */ = {isa = PBXFileReference; lastKnownFileType = file.storyboard; name = Base; path = Base.lproj/Main.storyboard; sourceTree = "<group>"; };
		D7A6E93220AEB0570075596E /* Assets.xcassets */ = {isa = PBXFileReference; lastKnownFileType = folder.assetcatalog; path = Assets.xcassets; sourceTree = "<group>"; };
		D7A6E93520AEB0570075596E /* Base */ = {isa = PBXFileReference; lastKnownFileType = file.storyboard; name = Base; path = Base.lproj/LaunchScreen.storyboard; sourceTree = "<group>"; };
		D7A6E93C20AEB0570075596E /* NRLWalletTests.xctest */ = {isa = PBXFileReference; explicitFileType = wrapper.cfbundle; includeInIndex = 0; path = NRLWalletTests.xctest; sourceTree = BUILT_PRODUCTS_DIR; };
		D7A6E94020AEB0570075596E /* NRLWalletTests.swift */ = {isa = PBXFileReference; lastKnownFileType = sourcecode.swift; path = NRLWalletTests.swift; sourceTree = "<group>"; };
		D7A6E94220AEB0570075596E /* Info.plist */ = {isa = PBXFileReference; lastKnownFileType = text.plist.xml; path = Info.plist; sourceTree = "<group>"; };
		D7A6E94720AEB0570075596E /* NRLWalletUITests.xctest */ = {isa = PBXFileReference; explicitFileType = wrapper.cfbundle; includeInIndex = 0; path = NRLWalletUITests.xctest; sourceTree = BUILT_PRODUCTS_DIR; };
		D7A6E94B20AEB0570075596E /* NRLWalletUITests.swift */ = {isa = PBXFileReference; lastKnownFileType = sourcecode.swift; path = NRLWalletUITests.swift; sourceTree = "<group>"; };
		D7A6E94D20AEB0570075596E /* Info.plist */ = {isa = PBXFileReference; lastKnownFileType = text.plist.xml; path = Info.plist; sourceTree = "<group>"; };
		D7A6E96320AEC1C60075596E /* Info.plist */ = {isa = PBXFileReference; fileEncoding = 4; lastKnownFileType = text.plist.xml; path = Info.plist; sourceTree = "<group>"; };
		D7A6E96620AEC2E60075596E /* Tutorial.storyboard */ = {isa = PBXFileReference; lastKnownFileType = file.storyboard; path = Tutorial.storyboard; sourceTree = "<group>"; };
		D7A6E97120AECDF90075596E /* SourceSansPro-Regular.ttf */ = {isa = PBXFileReference; lastKnownFileType = file; path = "SourceSansPro-Regular.ttf"; sourceTree = "<group>"; };
/* End PBXFileReference section */

/* Begin PBXFrameworksBuildPhase section */
		D7A6E92520AEB0570075596E /* Frameworks */ = {
			isa = PBXFrameworksBuildPhase;
			buildActionMask = 2147483647;
			files = (
			);
			runOnlyForDeploymentPostprocessing = 0;
		};
		D7A6E93920AEB0570075596E /* Frameworks */ = {
			isa = PBXFrameworksBuildPhase;
			buildActionMask = 2147483647;
			files = (
			);
			runOnlyForDeploymentPostprocessing = 0;
		};
		D7A6E94420AEB0570075596E /* Frameworks */ = {
			isa = PBXFrameworksBuildPhase;
			buildActionMask = 2147483647;
			files = (
			);
			runOnlyForDeploymentPostprocessing = 0;
		};
/* End PBXFrameworksBuildPhase section */

/* Begin PBXGroup section */
		D7A6E91F20AEB0560075596E = {
			isa = PBXGroup;
			children = (
				D7A6E92A20AEB0570075596E /* NRLWallet */,
				D7A6E93F20AEB0570075596E /* NRLWalletTests */,
				D7A6E94A20AEB0570075596E /* NRLWalletUITests */,
				D7A6E92920AEB0570075596E /* Products */,
			);
			sourceTree = "<group>";
		};
		D7A6E92920AEB0570075596E /* Products */ = {
			isa = PBXGroup;
			children = (
				D7A6E92820AEB0570075596E /* NRLWallet.app */,
				D7A6E93C20AEB0570075596E /* NRLWalletTests.xctest */,
				D7A6E94720AEB0570075596E /* NRLWalletUITests.xctest */,
			);
			name = Products;
			sourceTree = "<group>";
		};
		D7A6E92A20AEB0570075596E /* NRLWallet */ = {
			isa = PBXGroup;
			children = (
				D7A6E96520AEC21C0075596E /* Storyboards */,
				D7A6E96220AEC1A80075596E /* Support */,
				D7A6E96020AEC01F0075596E /* Resources */,
				D7A6E95F20AEBFFC0075596E /* Utils */,
				D7A6E95D20AEBFCE0075596E /* Models */,
				D7A6E95C20AEBFC80075596E /* Views */,
				D7A6E95920AEB8DF0075596E /* ViewControllers */,
				D7A6E92B20AEB0570075596E /* AppDelegate.swift */,
			);
			path = NRLWallet;
			sourceTree = "<group>";
		};
		D7A6E93F20AEB0570075596E /* NRLWalletTests */ = {
			isa = PBXGroup;
			children = (
				D7A6E94020AEB0570075596E /* NRLWalletTests.swift */,
				D7A6E94220AEB0570075596E /* Info.plist */,
			);
			path = NRLWalletTests;
			sourceTree = "<group>";
		};
		D7A6E94A20AEB0570075596E /* NRLWalletUITests */ = {
			isa = PBXGroup;
			children = (
				D7A6E94B20AEB0570075596E /* NRLWalletUITests.swift */,
				D7A6E94D20AEB0570075596E /* Info.plist */,
			);
			path = NRLWalletUITests;
			sourceTree = "<group>";
		};
		D7A6E95920AEB8DF0075596E /* ViewControllers */ = {
			isa = PBXGroup;
			children = (
				D7A6E95B20AEBC970075596E /* Auth */,
				D7A6E95A20AEBC900075596E /* Tutorial */,
			);
			path = ViewControllers;
			sourceTree = "<group>";
		};
		D7A6E95A20AEBC900075596E /* Tutorial */ = {
			isa = PBXGroup;
			children = (
				D7A6E92D20AEB0570075596E /* Tutorial1ViewController.swift */,
			);
			path = Tutorial;
			sourceTree = "<group>";
		};
		D7A6E95B20AEBC970075596E /* Auth */ = {
			isa = PBXGroup;
			children = (
			);
			path = Auth;
			sourceTree = "<group>";
		};
		D7A6E95C20AEBFC80075596E /* Views */ = {
			isa = PBXGroup;
			children = (
			);
			path = Views;
			sourceTree = "<group>";
		};
		D7A6E95D20AEBFCE0075596E /* Models */ = {
			isa = PBXGroup;
			children = (
			);
			path = Models;
			sourceTree = "<group>";
		};
		D7A6E95F20AEBFFC0075596E /* Utils */ = {
			isa = PBXGroup;
			children = (
			);
			path = Utils;
			sourceTree = "<group>";
		};
		D7A6E96020AEC01F0075596E /* Resources */ = {
			isa = PBXGroup;
			children = (
				D7A6E97020AECDA80075596E /* Fonts */,
				D7A6E93220AEB0570075596E /* Assets.xcassets */,
			);
			path = Resources;
			sourceTree = "<group>";
		};
		D7A6E96220AEC1A80075596E /* Support */ = {
			isa = PBXGroup;
			children = (
				D7A6E96320AEC1C60075596E /* Info.plist */,
			);
			name = Support;
			sourceTree = "<group>";
		};
		D7A6E96520AEC21C0075596E /* Storyboards */ = {
			isa = PBXGroup;
			children = (
				D7A6E92F20AEB0570075596E /* Main.storyboard */,
				D7A6E93420AEB0570075596E /* LaunchScreen.storyboard */,
				D7A6E96620AEC2E60075596E /* Tutorial.storyboard */,
			);
			name = Storyboards;
			sourceTree = "<group>";
		};
		D7A6E97020AECDA80075596E /* Fonts */ = {
			isa = PBXGroup;
			children = (
				D7A6E97120AECDF90075596E /* SourceSansPro-Regular.ttf */,
			);
			path = Fonts;
			sourceTree = "<group>";
		};
/* End PBXGroup section */

/* Begin PBXNativeTarget section */
		D7A6E92720AEB0570075596E /* NRLWallet */ = {
			isa = PBXNativeTarget;
			buildConfigurationList = D7A6E95020AEB0570075596E /* Build configuration list for PBXNativeTarget "NRLWallet" */;
			buildPhases = (
				D7A6E92420AEB0570075596E /* Sources */,
				D7A6E92520AEB0570075596E /* Frameworks */,
				D7A6E92620AEB0570075596E /* Resources */,
			);
			buildRules = (
			);
			dependencies = (
			);
			name = NRLWallet;
			productName = NRLWallet;
			productReference = D7A6E92820AEB0570075596E /* NRLWallet.app */;
			productType = "com.apple.product-type.application";
		};
		D7A6E93B20AEB0570075596E /* NRLWalletTests */ = {
			isa = PBXNativeTarget;
			buildConfigurationList = D7A6E95320AEB0570075596E /* Build configuration list for PBXNativeTarget "NRLWalletTests" */;
			buildPhases = (
				D7A6E93820AEB0570075596E /* Sources */,
				D7A6E93920AEB0570075596E /* Frameworks */,
				D7A6E93A20AEB0570075596E /* Resources */,
			);
			buildRules = (
			);
			dependencies = (
				D7A6E93E20AEB0570075596E /* PBXTargetDependency */,
			);
			name = NRLWalletTests;
			productName = NRLWalletTests;
			productReference = D7A6E93C20AEB0570075596E /* NRLWalletTests.xctest */;
			productType = "com.apple.product-type.bundle.unit-test";
		};
		D7A6E94620AEB0570075596E /* NRLWalletUITests */ = {
			isa = PBXNativeTarget;
			buildConfigurationList = D7A6E95620AEB0570075596E /* Build configuration list for PBXNativeTarget "NRLWalletUITests" */;
			buildPhases = (
				D7A6E94320AEB0570075596E /* Sources */,
				D7A6E94420AEB0570075596E /* Frameworks */,
				D7A6E94520AEB0570075596E /* Resources */,
			);
			buildRules = (
			);
			dependencies = (
				D7A6E94920AEB0570075596E /* PBXTargetDependency */,
			);
			name = NRLWalletUITests;
			productName = NRLWalletUITests;
			productReference = D7A6E94720AEB0570075596E /* NRLWalletUITests.xctest */;
			productType = "com.apple.product-type.bundle.ui-testing";
		};
/* End PBXNativeTarget section */

/* Begin PBXProject section */
		D7A6E92020AEB0560075596E /* Project object */ = {
			isa = PBXProject;
			attributes = {
				LastSwiftUpdateCheck = 0920;
				LastUpgradeCheck = 0920;
				ORGANIZATIONNAME = NoRestLabs;
				TargetAttributes = {
					D7A6E92720AEB0570075596E = {
						CreatedOnToolsVersion = 9.2;
						ProvisioningStyle = Automatic;
					};
					D7A6E93B20AEB0570075596E = {
						CreatedOnToolsVersion = 9.2;
						ProvisioningStyle = Automatic;
						TestTargetID = D7A6E92720AEB0570075596E;
					};
					D7A6E94620AEB0570075596E = {
						CreatedOnToolsVersion = 9.2;
						ProvisioningStyle = Automatic;
						TestTargetID = D7A6E92720AEB0570075596E;
					};
				};
			};
			buildConfigurationList = D7A6E92320AEB0560075596E /* Build configuration list for PBXProject "NRLWallet" */;
			compatibilityVersion = "Xcode 8.0";
			developmentRegion = en;
			hasScannedForEncodings = 0;
			knownRegions = (
				en,
				Base,
			);
			mainGroup = D7A6E91F20AEB0560075596E;
			productRefGroup = D7A6E92920AEB0570075596E /* Products */;
			projectDirPath = "";
			projectRoot = "";
			targets = (
				D7A6E92720AEB0570075596E /* NRLWallet */,
				D7A6E93B20AEB0570075596E /* NRLWalletTests */,
				D7A6E94620AEB0570075596E /* NRLWalletUITests */,
			);
		};
/* End PBXProject section */

/* Begin PBXResourcesBuildPhase section */
		D7A6E92620AEB0570075596E /* Resources */ = {
			isa = PBXResourcesBuildPhase;
			buildActionMask = 2147483647;
			files = (
				D7A6E96720AEC2E60075596E /* Tutorial.storyboard in Resources */,
				D7A6E96420AEC1C60075596E /* Info.plist in Resources */,
				D7A6E93620AEB0570075596E /* LaunchScreen.storyboard in Resources */,
				D7A6E93320AEB0570075596E /* Assets.xcassets in Resources */,
				D7A6E93120AEB0570075596E /* Main.storyboard in Resources */,
			);
			runOnlyForDeploymentPostprocessing = 0;
		};
		D7A6E93A20AEB0570075596E /* Resources */ = {
			isa = PBXResourcesBuildPhase;
			buildActionMask = 2147483647;
			files = (
			);
			runOnlyForDeploymentPostprocessing = 0;
		};
		D7A6E94520AEB0570075596E /* Resources */ = {
			isa = PBXResourcesBuildPhase;
			buildActionMask = 2147483647;
			files = (
			);
			runOnlyForDeploymentPostprocessing = 0;
		};
/* End PBXResourcesBuildPhase section */

/* Begin PBXSourcesBuildPhase section */
		D7A6E92420AEB0570075596E /* Sources */ = {
			isa = PBXSourcesBuildPhase;
			buildActionMask = 2147483647;
			files = (
				D7A6E92E20AEB0570075596E /* Tutorial1ViewController.swift in Sources */,
				D7A6E92C20AEB0570075596E /* AppDelegate.swift in Sources */,
			);
			runOnlyForDeploymentPostprocessing = 0;
		};
		D7A6E93820AEB0570075596E /* Sources */ = {
			isa = PBXSourcesBuildPhase;
			buildActionMask = 2147483647;
			files = (
				D7A6E94120AEB0570075596E /* NRLWalletTests.swift in Sources */,
			);
			runOnlyForDeploymentPostprocessing = 0;
		};
		D7A6E94320AEB0570075596E /* Sources */ = {
			isa = PBXSourcesBuildPhase;
			buildActionMask = 2147483647;
			files = (
				D7A6E94C20AEB0570075596E /* NRLWalletUITests.swift in Sources */,
			);
			runOnlyForDeploymentPostprocessing = 0;
		};
/* End PBXSourcesBuildPhase section */

/* Begin PBXTargetDependency section */
		D7A6E93E20AEB0570075596E /* PBXTargetDependency */ = {
			isa = PBXTargetDependency;
			target = D7A6E92720AEB0570075596E /* NRLWallet */;
			targetProxy = D7A6E93D20AEB0570075596E /* PBXContainerItemProxy */;
		};
		D7A6E94920AEB0570075596E /* PBXTargetDependency */ = {
			isa = PBXTargetDependency;
			target = D7A6E92720AEB0570075596E /* NRLWallet */;
			targetProxy = D7A6E94820AEB0570075596E /* PBXContainerItemProxy */;
		};
/* End PBXTargetDependency section */

/* Begin PBXVariantGroup section */
		D7A6E92F20AEB0570075596E /* Main.storyboard */ = {
			isa = PBXVariantGroup;
			children = (
				D7A6E93020AEB0570075596E /* Base */,
			);
			name = Main.storyboard;
			sourceTree = "<group>";
		};
		D7A6E93420AEB0570075596E /* LaunchScreen.storyboard */ = {
			isa = PBXVariantGroup;
			children = (
				D7A6E93520AEB0570075596E /* Base */,
			);
			name = LaunchScreen.storyboard;
			sourceTree = "<group>";
		};
/* End PBXVariantGroup section */

/* Begin XCBuildConfiguration section */
		D7A6E94E20AEB0570075596E /* Debug */ = {
			isa = XCBuildConfiguration;
			buildSettings = {
				ALWAYS_SEARCH_USER_PATHS = NO;
				CLANG_ANALYZER_NONNULL = YES;
				CLANG_ANALYZER_NUMBER_OBJECT_CONVERSION = YES_AGGRESSIVE;
				CLANG_CXX_LANGUAGE_STANDARD = "gnu++14";
				CLANG_CXX_LIBRARY = "libc++";
				CLANG_ENABLE_MODULES = YES;
				CLANG_ENABLE_OBJC_ARC = YES;
				CLANG_WARN_BLOCK_CAPTURE_AUTORELEASING = YES;
				CLANG_WARN_BOOL_CONVERSION = YES;
				CLANG_WARN_COMMA = YES;
				CLANG_WARN_CONSTANT_CONVERSION = YES;
				CLANG_WARN_DIRECT_OBJC_ISA_USAGE = YES_ERROR;
				CLANG_WARN_DOCUMENTATION_COMMENTS = YES;
				CLANG_WARN_EMPTY_BODY = YES;
				CLANG_WARN_ENUM_CONVERSION = YES;
				CLANG_WARN_INFINITE_RECURSION = YES;
				CLANG_WARN_INT_CONVERSION = YES;
				CLANG_WARN_NON_LITERAL_NULL_CONVERSION = YES;
				CLANG_WARN_OBJC_LITERAL_CONVERSION = YES;
				CLANG_WARN_OBJC_ROOT_CLASS = YES_ERROR;
				CLANG_WARN_RANGE_LOOP_ANALYSIS = YES;
				CLANG_WARN_STRICT_PROTOTYPES = YES;
				CLANG_WARN_SUSPICIOUS_MOVE = YES;
				CLANG_WARN_UNGUARDED_AVAILABILITY = YES_AGGRESSIVE;
				CLANG_WARN_UNREACHABLE_CODE = YES;
				CLANG_WARN__DUPLICATE_METHOD_MATCH = YES;
				CODE_SIGN_IDENTITY = "iPhone Developer";
				COPY_PHASE_STRIP = NO;
				DEBUG_INFORMATION_FORMAT = dwarf;
				ENABLE_STRICT_OBJC_MSGSEND = YES;
				ENABLE_TESTABILITY = YES;
				GCC_C_LANGUAGE_STANDARD = gnu11;
				GCC_DYNAMIC_NO_PIC = NO;
				GCC_NO_COMMON_BLOCKS = YES;
				GCC_OPTIMIZATION_LEVEL = 0;
				GCC_PREPROCESSOR_DEFINITIONS = (
					"DEBUG=1",
					"$(inherited)",
				);
				GCC_WARN_64_TO_32_BIT_CONVERSION = YES;
				GCC_WARN_ABOUT_RETURN_TYPE = YES_ERROR;
				GCC_WARN_UNDECLARED_SELECTOR = YES;
				GCC_WARN_UNINITIALIZED_AUTOS = YES_AGGRESSIVE;
				GCC_WARN_UNUSED_FUNCTION = YES;
				GCC_WARN_UNUSED_VARIABLE = YES;
				IPHONEOS_DEPLOYMENT_TARGET = 11.2;
				MTL_ENABLE_DEBUG_INFO = YES;
				ONLY_ACTIVE_ARCH = YES;
				SDKROOT = iphoneos;
				SWIFT_ACTIVE_COMPILATION_CONDITIONS = DEBUG;
				SWIFT_OPTIMIZATION_LEVEL = "-Onone";
			};
			name = Debug;
		};
		D7A6E94F20AEB0570075596E /* Release */ = {
			isa = XCBuildConfiguration;
			buildSettings = {
				ALWAYS_SEARCH_USER_PATHS = NO;
				CLANG_ANALYZER_NONNULL = YES;
				CLANG_ANALYZER_NUMBER_OBJECT_CONVERSION = YES_AGGRESSIVE;
				CLANG_CXX_LANGUAGE_STANDARD = "gnu++14";
				CLANG_CXX_LIBRARY = "libc++";
				CLANG_ENABLE_MODULES = YES;
				CLANG_ENABLE_OBJC_ARC = YES;
				CLANG_WARN_BLOCK_CAPTURE_AUTORELEASING = YES;
				CLANG_WARN_BOOL_CONVERSION = YES;
				CLANG_WARN_COMMA = YES;
				CLANG_WARN_CONSTANT_CONVERSION = YES;
				CLANG_WARN_DIRECT_OBJC_ISA_USAGE = YES_ERROR;
				CLANG_WARN_DOCUMENTATION_COMMENTS = YES;
				CLANG_WARN_EMPTY_BODY = YES;
				CLANG_WARN_ENUM_CONVERSION = YES;
				CLANG_WARN_INFINITE_RECURSION = YES;
				CLANG_WARN_INT_CONVERSION = YES;
				CLANG_WARN_NON_LITERAL_NULL_CONVERSION = YES;
				CLANG_WARN_OBJC_LITERAL_CONVERSION = YES;
				CLANG_WARN_OBJC_ROOT_CLASS = YES_ERROR;
				CLANG_WARN_RANGE_LOOP_ANALYSIS = YES;
				CLANG_WARN_STRICT_PROTOTYPES = YES;
				CLANG_WARN_SUSPICIOUS_MOVE = YES;
				CLANG_WARN_UNGUARDED_AVAILABILITY = YES_AGGRESSIVE;
				CLANG_WARN_UNREACHABLE_CODE = YES;
				CLANG_WARN__DUPLICATE_METHOD_MATCH = YES;
				CODE_SIGN_IDENTITY = "iPhone Developer";
				COPY_PHASE_STRIP = NO;
				DEBUG_INFORMATION_FORMAT = "dwarf-with-dsym";
				ENABLE_NS_ASSERTIONS = NO;
				ENABLE_STRICT_OBJC_MSGSEND = YES;
				GCC_C_LANGUAGE_STANDARD = gnu11;
				GCC_NO_COMMON_BLOCKS = YES;
				GCC_WARN_64_TO_32_BIT_CONVERSION = YES;
				GCC_WARN_ABOUT_RETURN_TYPE = YES_ERROR;
				GCC_WARN_UNDECLARED_SELECTOR = YES;
				GCC_WARN_UNINITIALIZED_AUTOS = YES_AGGRESSIVE;
				GCC_WARN_UNUSED_FUNCTION = YES;
				GCC_WARN_UNUSED_VARIABLE = YES;
				IPHONEOS_DEPLOYMENT_TARGET = 11.2;
				MTL_ENABLE_DEBUG_INFO = NO;
				SDKROOT = iphoneos;
				SWIFT_OPTIMIZATION_LEVEL = "-Owholemodule";
				VALIDATE_PRODUCT = YES;
			};
			name = Release;
		};
		D7A6E95120AEB0570075596E /* Debug */ = {
			isa = XCBuildConfiguration;
			buildSettings = {
				ASSETCATALOG_COMPILER_APPICON_NAME = AppIcon;
				CODE_SIGN_STYLE = Automatic;
				DEVELOPMENT_TEAM = C462ZD5428;
				INFOPLIST_FILE = NRLWallet/Info.plist;
				IPHONEOS_DEPLOYMENT_TARGET = 10.0;
				LD_RUNPATH_SEARCH_PATHS = "$(inherited) @executable_path/Frameworks";
				PRODUCT_BUNDLE_IDENTIFIER = com.norestlabs.NRLWallet;
				PRODUCT_NAME = "$(TARGET_NAME)";
				SWIFT_VERSION = 4.0;
				TARGETED_DEVICE_FAMILY = "1,2";
			};
			name = Debug;
		};
		D7A6E95220AEB0570075596E /* Release */ = {
			isa = XCBuildConfiguration;
			buildSettings = {
				ASSETCATALOG_COMPILER_APPICON_NAME = AppIcon;
				CODE_SIGN_STYLE = Automatic;
				DEVELOPMENT_TEAM = C462ZD5428;
				INFOPLIST_FILE = NRLWallet/Info.plist;
				IPHONEOS_DEPLOYMENT_TARGET = 10.0;
				LD_RUNPATH_SEARCH_PATHS = "$(inherited) @executable_path/Frameworks";
				PRODUCT_BUNDLE_IDENTIFIER = com.norestlabs.NRLWallet;
				PRODUCT_NAME = "$(TARGET_NAME)";
				SWIFT_VERSION = 4.0;
				TARGETED_DEVICE_FAMILY = "1,2";
			};
			name = Release;
		};
		D7A6E95420AEB0570075596E /* Debug */ = {
			isa = XCBuildConfiguration;
			buildSettings = {
				ALWAYS_EMBED_SWIFT_STANDARD_LIBRARIES = YES;
				BUNDLE_LOADER = "$(TEST_HOST)";
				CODE_SIGN_STYLE = Automatic;
				INFOPLIST_FILE = NRLWalletTests/Info.plist;
				LD_RUNPATH_SEARCH_PATHS = "$(inherited) @executable_path/Frameworks @loader_path/Frameworks";
				PRODUCT_BUNDLE_IDENTIFIER = com.norestlabs.NRLWalletTests;
				PRODUCT_NAME = "$(TARGET_NAME)";
				SWIFT_VERSION = 4.0;
				TARGETED_DEVICE_FAMILY = "1,2";
				TEST_HOST = "$(BUILT_PRODUCTS_DIR)/NRLWallet.app/NRLWallet";
			};
			name = Debug;
		};
		D7A6E95520AEB0570075596E /* Release */ = {
			isa = XCBuildConfiguration;
			buildSettings = {
				ALWAYS_EMBED_SWIFT_STANDARD_LIBRARIES = YES;
				BUNDLE_LOADER = "$(TEST_HOST)";
				CODE_SIGN_STYLE = Automatic;
				INFOPLIST_FILE = NRLWalletTests/Info.plist;
				LD_RUNPATH_SEARCH_PATHS = "$(inherited) @executable_path/Frameworks @loader_path/Frameworks";
				PRODUCT_BUNDLE_IDENTIFIER = com.norestlabs.NRLWalletTests;
				PRODUCT_NAME = "$(TARGET_NAME)";
				SWIFT_VERSION = 4.0;
				TARGETED_DEVICE_FAMILY = "1,2";
				TEST_HOST = "$(BUILT_PRODUCTS_DIR)/NRLWallet.app/NRLWallet";
			};
			name = Release;
		};
		D7A6E95720AEB0570075596E /* Debug */ = {
			isa = XCBuildConfiguration;
			buildSettings = {
				ALWAYS_EMBED_SWIFT_STANDARD_LIBRARIES = YES;
				CODE_SIGN_STYLE = Automatic;
				INFOPLIST_FILE = NRLWalletUITests/Info.plist;
				LD_RUNPATH_SEARCH_PATHS = "$(inherited) @executable_path/Frameworks @loader_path/Frameworks";
				PRODUCT_BUNDLE_IDENTIFIER = com.norestlabs.NRLWalletUITests;
				PRODUCT_NAME = "$(TARGET_NAME)";
				SWIFT_VERSION = 4.0;
				TARGETED_DEVICE_FAMILY = "1,2";
				TEST_TARGET_NAME = NRLWallet;
			};
			name = Debug;
		};
		D7A6E95820AEB0570075596E /* Release */ = {
			isa = XCBuildConfiguration;
			buildSettings = {
				ALWAYS_EMBED_SWIFT_STANDARD_LIBRARIES = YES;
				CODE_SIGN_STYLE = Automatic;
				INFOPLIST_FILE = NRLWalletUITests/Info.plist;
				LD_RUNPATH_SEARCH_PATHS = "$(inherited) @executable_path/Frameworks @loader_path/Frameworks";
				PRODUCT_BUNDLE_IDENTIFIER = com.norestlabs.NRLWalletUITests;
				PRODUCT_NAME = "$(TARGET_NAME)";
				SWIFT_VERSION = 4.0;
				TARGETED_DEVICE_FAMILY = "1,2";
				TEST_TARGET_NAME = NRLWallet;
			};
			name = Release;
		};
/* End XCBuildConfiguration section */

/* Begin XCConfigurationList section */
		D7A6E92320AEB0560075596E /* Build configuration list for PBXProject "NRLWallet" */ = {
			isa = XCConfigurationList;
			buildConfigurations = (
				D7A6E94E20AEB0570075596E /* Debug */,
				D7A6E94F20AEB0570075596E /* Release */,
			);
			defaultConfigurationIsVisible = 0;
			defaultConfigurationName = Release;
		};
		D7A6E95020AEB0570075596E /* Build configuration list for PBXNativeTarget "NRLWallet" */ = {
			isa = XCConfigurationList;
			buildConfigurations = (
				D7A6E95120AEB0570075596E /* Debug */,
				D7A6E95220AEB0570075596E /* Release */,
			);
			defaultConfigurationIsVisible = 0;
			defaultConfigurationName = Release;
		};
		D7A6E95320AEB0570075596E /* Build configuration list for PBXNativeTarget "NRLWalletTests" */ = {
			isa = XCConfigurationList;
			buildConfigurations = (
				D7A6E95420AEB0570075596E /* Debug */,
				D7A6E95520AEB0570075596E /* Release */,
			);
			defaultConfigurationIsVisible = 0;
			defaultConfigurationName = Release;
		};
		D7A6E95620AEB0570075596E /* Build configuration list for PBXNativeTarget "NRLWalletUITests" */ = {
			isa = XCConfigurationList;
			buildConfigurations = (
				D7A6E95720AEB0570075596E /* Debug */,
				D7A6E95820AEB0570075596E /* Release */,
			);
			defaultConfigurationIsVisible = 0;
			defaultConfigurationName = Release;
		};
/* End XCConfigurationList section */
	};
	rootObject = D7A6E92020AEB0560075596E /* Project object */;
}
