// !$*UTF8*$!
{
	archiveVersion = 1;
	classes = {
	};
	objectVersion = 48;
	objects = {

/* Begin PBXBuildFile section */
		84029CF720ED07AB001E7AE5 /* BalanceDropDownCell.swift in Sources */ = {isa = PBXBuildFile; fileRef = 84029CF520ED07AB001E7AE5 /* BalanceDropDownCell.swift */; };
		84029CF820ED07AB001E7AE5 /* BalanceDropDownCell.xib in Resources */ = {isa = PBXBuildFile; fileRef = 84029CF620ED07AB001E7AE5 /* BalanceDropDownCell.xib */; };
		84779D8820B9AC5700F36973 /* SideMenuViewController.swift in Sources */ = {isa = PBXBuildFile; fileRef = 84779D8720B9AC5700F36973 /* SideMenuViewController.swift */; };
		84779D8B20B9B08100F36973 /* BaseViewController.swift in Sources */ = {isa = PBXBuildFile; fileRef = 84779D8A20B9B08100F36973 /* BaseViewController.swift */; };
		84779D8D20B9B1E500F36973 /* BaseNavViewController.swift in Sources */ = {isa = PBXBuildFile; fileRef = 84779D8C20B9B1E500F36973 /* BaseNavViewController.swift */; };
		849ADB5320C138590060ED23 /* AppController.swift in Sources */ = {isa = PBXBuildFile; fileRef = 849ADB5220C138590060ED23 /* AppController.swift */; };
		84C052A920BD16900013A7FF /* ReceiveViewController.swift in Sources */ = {isa = PBXBuildFile; fileRef = 84C052A820BD16900013A7FF /* ReceiveViewController.swift */; };
		84C052AB20BD169D0013A7FF /* SendViewController.swift in Sources */ = {isa = PBXBuildFile; fileRef = 84C052AA20BD169D0013A7FF /* SendViewController.swift */; };
		84C052AD20BD16A70013A7FF /* SwapViewController.swift in Sources */ = {isa = PBXBuildFile; fileRef = 84C052AC20BD16A70013A7FF /* SwapViewController.swift */; };
		84CA5C7820B7302E0064D1BC /* Mnemonic.storyboard in Resources */ = {isa = PBXBuildFile; fileRef = 84CA5C7520B7302E0064D1BC /* Mnemonic.storyboard */; };
		84CA5C7920B7302E0064D1BC /* Tutorial.storyboard in Resources */ = {isa = PBXBuildFile; fileRef = 84CA5C7620B7302E0064D1BC /* Tutorial.storyboard */; };
		84CA5C7B20B730750064D1BC /* PinViewController.swift in Sources */ = {isa = PBXBuildFile; fileRef = 84CA5C7A20B730750064D1BC /* PinViewController.swift */; };
		84CA5C7D20B73DB60064D1BC /* Pin.storyboard in Resources */ = {isa = PBXBuildFile; fileRef = 84CA5C7C20B73DB50064D1BC /* Pin.storyboard */; };
		84CA5C8020B7DB9A0064D1BC /* HomeViewController.swift in Sources */ = {isa = PBXBuildFile; fileRef = 84CA5C7F20B7DB9A0064D1BC /* HomeViewController.swift */; };
		84CA5C8320B85C060064D1BC /* UserData.swift in Sources */ = {isa = PBXBuildFile; fileRef = 84CA5C8220B85C060064D1BC /* UserData.swift */; };
		84CA5C8520B85C5C0064D1BC /* Constants.swift in Sources */ = {isa = PBXBuildFile; fileRef = 84CA5C8420B85C5C0064D1BC /* Constants.swift */; };
		84CA5CB820B88D000064D1BC /* Assets.xcassets in Resources */ = {isa = PBXBuildFile; fileRef = 84CA5CB720B88D000064D1BC /* Assets.xcassets */; };
		84E79E5220BEEF7400D08645 /* CoinListViewController.swift in Sources */ = {isa = PBXBuildFile; fileRef = 84E79E5120BEEF7400D08645 /* CoinListViewController.swift */; };
		84E79E5420BEF75900D08645 /* CoinTableViewCell.swift in Sources */ = {isa = PBXBuildFile; fileRef = 84E79E5320BEF75900D08645 /* CoinTableViewCell.swift */; };
		84E79E5720BEFAFD00D08645 /* CoinModel.swift in Sources */ = {isa = PBXBuildFile; fileRef = 84E79E5620BEFAFD00D08645 /* CoinModel.swift */; };
		B6D596B320E74AA0009B6D9E /* ViewController+Toast.swift in Sources */ = {isa = PBXBuildFile; fileRef = B6D596B220E74A9F009B6D9E /* ViewController+Toast.swift */; };
		D792922D20B02BED00DC558C /* MnemonicViewController.swift in Sources */ = {isa = PBXBuildFile; fileRef = D792922C20B02BEC00DC558C /* MnemonicViewController.swift */; };
		D792923020B05FC100DC558C /* VerifyMnemonicViewController.swift in Sources */ = {isa = PBXBuildFile; fileRef = D792922F20B05FC100DC558C /* VerifyMnemonicViewController.swift */; };
		D792923120B090F900DC558C /* SourceSansPro-SemiBold.ttf in Resources */ = {isa = PBXBuildFile; fileRef = D792922E20B04D6D00DC558C /* SourceSansPro-SemiBold.ttf */; };
		D792923220B090FD00DC558C /* SourceSansPro-Regular.ttf in Resources */ = {isa = PBXBuildFile; fileRef = D7A6E97120AECDF90075596E /* SourceSansPro-Regular.ttf */; };
		D7A6E92C20AEB0570075596E /* AppDelegate.swift in Sources */ = {isa = PBXBuildFile; fileRef = D7A6E92B20AEB0570075596E /* AppDelegate.swift */; };
		D7A6E92E20AEB0570075596E /* Tutorial1ViewController.swift in Sources */ = {isa = PBXBuildFile; fileRef = D7A6E92D20AEB0570075596E /* Tutorial1ViewController.swift */; };
		D7A6E93120AEB0570075596E /* Main.storyboard in Resources */ = {isa = PBXBuildFile; fileRef = D7A6E92F20AEB0570075596E /* Main.storyboard */; };
		D7A6E93620AEB0570075596E /* LaunchScreen.storyboard in Resources */ = {isa = PBXBuildFile; fileRef = D7A6E93420AEB0570075596E /* LaunchScreen.storyboard */; };
		D7A6E97320AF09BA0075596E /* Tutorial2ViewController.swift in Sources */ = {isa = PBXBuildFile; fileRef = D7A6E97220AF09BA0075596E /* Tutorial2ViewController.swift */; };
		D7A6E97520AF11070075596E /* Tutorial3ViewController.swift in Sources */ = {isa = PBXBuildFile; fileRef = D7A6E97420AF11070075596E /* Tutorial3ViewController.swift */; };
		E10397E820E5CFDB00457B52 /* WSCoreDataBlockStore.xcdatamodel in Sources */ = {isa = PBXBuildFile; fileRef = E10397E720E5CFDB00457B52 /* WSCoreDataBlockStore.xcdatamodel */; };
		E10820C420E4DF790053312A /* Alamofire.framework in Frameworks */ = {isa = PBXBuildFile; fileRef = E10820B820E4DF640053312A /* Alamofire.framework */; };
		E10820C520E4DF790053312A /* Alamofire.framework in Embed Frameworks */ = {isa = PBXBuildFile; fileRef = E10820B820E4DF640053312A /* Alamofire.framework */; settings = {ATTRIBUTES = (CodeSignOnCopy, RemoveHeadersOnCopy, ); }; };
		E10820C620E4DF790053312A /* BigInt.framework in Frameworks */ = {isa = PBXBuildFile; fileRef = E10820B720E4DF640053312A /* BigInt.framework */; };
		E10820C720E4DF790053312A /* BigInt.framework in Embed Frameworks */ = {isa = PBXBuildFile; fileRef = E10820B720E4DF640053312A /* BigInt.framework */; settings = {ATTRIBUTES = (CodeSignOnCopy, RemoveHeadersOnCopy, ); }; };
		E10820C820E4DF790053312A /* CryptoSwift.framework in Frameworks */ = {isa = PBXBuildFile; fileRef = E10820B020E4DF640053312A /* CryptoSwift.framework */; };
		E10820C920E4DF790053312A /* CryptoSwift.framework in Embed Frameworks */ = {isa = PBXBuildFile; fileRef = E10820B020E4DF640053312A /* CryptoSwift.framework */; settings = {ATTRIBUTES = (CodeSignOnCopy, RemoveHeadersOnCopy, ); }; };
		E10820CA20E4DF790053312A /* NRLWalletSDK.framework in Frameworks */ = {isa = PBXBuildFile; fileRef = E10820B520E4DF640053312A /* NRLWalletSDK.framework */; };
		E10820CB20E4DF790053312A /* NRLWalletSDK.framework in Embed Frameworks */ = {isa = PBXBuildFile; fileRef = E10820B520E4DF640053312A /* NRLWalletSDK.framework */; settings = {ATTRIBUTES = (CodeSignOnCopy, RemoveHeadersOnCopy, ); }; };
		E10820CC20E4DF790053312A /* ObjectMapper.framework in Frameworks */ = {isa = PBXBuildFile; fileRef = E10820B220E4DF640053312A /* ObjectMapper.framework */; };
		E10820CD20E4DF790053312A /* ObjectMapper.framework in Embed Frameworks */ = {isa = PBXBuildFile; fileRef = E10820B220E4DF640053312A /* ObjectMapper.framework */; settings = {ATTRIBUTES = (CodeSignOnCopy, RemoveHeadersOnCopy, ); }; };
		E10820CE20E4DF790053312A /* PromiseKit.framework in Frameworks */ = {isa = PBXBuildFile; fileRef = E10820B620E4DF640053312A /* PromiseKit.framework */; };
		E10820CF20E4DF790053312A /* PromiseKit.framework in Embed Frameworks */ = {isa = PBXBuildFile; fileRef = E10820B620E4DF640053312A /* PromiseKit.framework */; settings = {ATTRIBUTES = (CodeSignOnCopy, RemoveHeadersOnCopy, ); }; };
		E10820D020E4DF790053312A /* secp256k1.framework in Frameworks */ = {isa = PBXBuildFile; fileRef = E10820B120E4DF640053312A /* secp256k1.framework */; };
		E10820D120E4DF790053312A /* secp256k1.framework in Embed Frameworks */ = {isa = PBXBuildFile; fileRef = E10820B120E4DF640053312A /* secp256k1.framework */; settings = {ATTRIBUTES = (CodeSignOnCopy, RemoveHeadersOnCopy, ); }; };
		E10820D220E4DF790053312A /* SipHash.framework in Frameworks */ = {isa = PBXBuildFile; fileRef = E10820B420E4DF640053312A /* SipHash.framework */; };
		E10820D320E4DF790053312A /* SipHash.framework in Embed Frameworks */ = {isa = PBXBuildFile; fileRef = E10820B420E4DF640053312A /* SipHash.framework */; settings = {ATTRIBUTES = (CodeSignOnCopy, RemoveHeadersOnCopy, ); }; };
		E10820D420E4DF790053312A /* SwiftyJSON.framework in Frameworks */ = {isa = PBXBuildFile; fileRef = E10820B920E4DF640053312A /* SwiftyJSON.framework */; };
		E10820D520E4DF790053312A /* SwiftyJSON.framework in Embed Frameworks */ = {isa = PBXBuildFile; fileRef = E10820B920E4DF640053312A /* SwiftyJSON.framework */; settings = {ATTRIBUTES = (CodeSignOnCopy, RemoveHeadersOnCopy, ); }; };
		E10820D620E4DF790053312A /* Web3.framework in Frameworks */ = {isa = PBXBuildFile; fileRef = E10820B320E4DF640053312A /* Web3.framework */; };
		E10820D720E4DF790053312A /* Web3.framework in Embed Frameworks */ = {isa = PBXBuildFile; fileRef = E10820B320E4DF640053312A /* Web3.framework */; settings = {ATTRIBUTES = (CodeSignOnCopy, RemoveHeadersOnCopy, ); }; };
		E10820D920E4DF820053312A /* DropDown.framework in Frameworks */ = {isa = PBXBuildFile; fileRef = E10820D820E4DF820053312A /* DropDown.framework */; };
		E10820DB20E4DF820053312A /* Pods_NRLWallet.framework in Frameworks */ = {isa = PBXBuildFile; fileRef = E10820DA20E4DF820053312A /* Pods_NRLWallet.framework */; };
		E10820DD20E4DF820053312A /* QRCode.framework in Frameworks */ = {isa = PBXBuildFile; fileRef = E10820DC20E4DF820053312A /* QRCode.framework */; };
		E10820DF20E4DF820053312A /* RNCryptor.framework in Frameworks */ = {isa = PBXBuildFile; fileRef = E10820DE20E4DF820053312A /* RNCryptor.framework */; };
		E10820E120E4DF820053312A /* SVProgressHUD.framework in Frameworks */ = {isa = PBXBuildFile; fileRef = E10820E020E4DF820053312A /* SVProgressHUD.framework */; };
		E10820E320E4DF820053312A /* SWRevealViewController.framework in Frameworks */ = {isa = PBXBuildFile; fileRef = E10820E220E4DF820053312A /* SWRevealViewController.framework */; };
		E10820E520E4DF820053312A /* TagListView.framework in Frameworks */ = {isa = PBXBuildFile; fileRef = E10820E420E4DF820053312A /* TagListView.framework */; };
		E10820E720E4DF820053312A /* Toast_Swift.framework in Frameworks */ = {isa = PBXBuildFile; fileRef = E10820E620E4DF820053312A /* Toast_Swift.framework */; };
		E10820E920E4DF820053312A /* TPKeyboardAvoiding.framework in Frameworks */ = {isa = PBXBuildFile; fileRef = E10820E820E4DF820053312A /* TPKeyboardAvoiding.framework */; };
		E10820EB20E4DF820053312A /* XLPagerTabStrip.framework in Frameworks */ = {isa = PBXBuildFile; fileRef = E10820EA20E4DF820053312A /* XLPagerTabStrip.framework */; };
		E152DAB420DE40810009B01B /* NRLCoinNotification.swift in Sources */ = {isa = PBXBuildFile; fileRef = E152DAB320DE40810009B01B /* NRLCoinNotification.swift */; };
		E161700220D234AB0003DD44 /* English.swift in Sources */ = {isa = PBXBuildFile; fileRef = E161700120D234AB0003DD44 /* English.swift */; };
		E178CE1F20CFF945005C6732 /* PinEnterViewController.swift in Sources */ = {isa = PBXBuildFile; fileRef = E178CE1E20CFF945005C6732 /* PinEnterViewController.swift */; };
		E1E2ACF920D14B47008ED04D /* InsertMNViewController.swift in Sources */ = {isa = PBXBuildFile; fileRef = E1E2ACF820D14B47008ED04D /* InsertMNViewController.swift */; };
		E1E2ACFB20D15299008ED04D /* KeyboardButton.swift in Sources */ = {isa = PBXBuildFile; fileRef = E1E2ACFA20D15299008ED04D /* KeyboardButton.swift */; };
		E1EF17E320D7749400FF4540 /* AboutViewController.swift in Sources */ = {isa = PBXBuildFile; fileRef = E1EF17E220D7749400FF4540 /* AboutViewController.swift */; };
		E1EF17E520D7DC3100FF4540 /* MarketModel.swift in Sources */ = {isa = PBXBuildFile; fileRef = E1EF17E420D7DC3100FF4540 /* MarketModel.swift */; };
/* End PBXBuildFile section */

/* Begin PBXCopyFilesBuildPhase section */
		E15C52D920E42C86004DA7C5 /* Embed Frameworks */ = {
			isa = PBXCopyFilesBuildPhase;
			buildActionMask = 2147483647;
			dstPath = "";
			dstSubfolderSpec = 10;
			files = (
				E10820C920E4DF790053312A /* CryptoSwift.framework in Embed Frameworks */,
				E10820D720E4DF790053312A /* Web3.framework in Embed Frameworks */,
				E10820CB20E4DF790053312A /* NRLWalletSDK.framework in Embed Frameworks */,
				E10820D520E4DF790053312A /* SwiftyJSON.framework in Embed Frameworks */,
				E10820CD20E4DF790053312A /* ObjectMapper.framework in Embed Frameworks */,
				E10820D120E4DF790053312A /* secp256k1.framework in Embed Frameworks */,
				E10820CF20E4DF790053312A /* PromiseKit.framework in Embed Frameworks */,
				E10820D320E4DF790053312A /* SipHash.framework in Embed Frameworks */,
				E10820C520E4DF790053312A /* Alamofire.framework in Embed Frameworks */,
				E10820C720E4DF790053312A /* BigInt.framework in Embed Frameworks */,
			);
			name = "Embed Frameworks";
			runOnlyForDeploymentPostprocessing = 0;
		};
/* End PBXCopyFilesBuildPhase section */

/* Begin PBXFileReference section */
		06728C41B64E370401C9767A /* Pods_NRLWallet.framework */ = {isa = PBXFileReference; explicitFileType = wrapper.framework; includeInIndex = 0; path = Pods_NRLWallet.framework; sourceTree = BUILT_PRODUCTS_DIR; };
		1D9795419F5DF3CF0C8D0F77 /* Pods-NRLWallet.release.xcconfig */ = {isa = PBXFileReference; includeInIndex = 1; lastKnownFileType = text.xcconfig; name = "Pods-NRLWallet.release.xcconfig"; path = "Pods/Target Support Files/Pods-NRLWallet/Pods-NRLWallet.release.xcconfig"; sourceTree = "<group>"; };
		4E224D578FEC82D98F0CCF4E /* Pods-NRLWallet.debug.xcconfig */ = {isa = PBXFileReference; includeInIndex = 1; lastKnownFileType = text.xcconfig; name = "Pods-NRLWallet.debug.xcconfig"; path = "Pods/Target Support Files/Pods-NRLWallet/Pods-NRLWallet.debug.xcconfig"; sourceTree = "<group>"; };
		84029CF520ED07AB001E7AE5 /* BalanceDropDownCell.swift */ = {isa = PBXFileReference; lastKnownFileType = sourcecode.swift; path = BalanceDropDownCell.swift; sourceTree = "<group>"; };
		84029CF620ED07AB001E7AE5 /* BalanceDropDownCell.xib */ = {isa = PBXFileReference; lastKnownFileType = file.xib; path = BalanceDropDownCell.xib; sourceTree = "<group>"; };
		84779D8720B9AC5700F36973 /* SideMenuViewController.swift */ = {isa = PBXFileReference; lastKnownFileType = sourcecode.swift; path = SideMenuViewController.swift; sourceTree = "<group>"; };
		84779D8A20B9B08100F36973 /* BaseViewController.swift */ = {isa = PBXFileReference; lastKnownFileType = sourcecode.swift; path = BaseViewController.swift; sourceTree = "<group>"; };
		84779D8C20B9B1E500F36973 /* BaseNavViewController.swift */ = {isa = PBXFileReference; lastKnownFileType = sourcecode.swift; path = BaseNavViewController.swift; sourceTree = "<group>"; };
		849ADB5220C138590060ED23 /* AppController.swift */ = {isa = PBXFileReference; lastKnownFileType = sourcecode.swift; path = AppController.swift; sourceTree = "<group>"; };
		84C052A820BD16900013A7FF /* ReceiveViewController.swift */ = {isa = PBXFileReference; lastKnownFileType = sourcecode.swift; path = ReceiveViewController.swift; sourceTree = "<group>"; };
		84C052AA20BD169D0013A7FF /* SendViewController.swift */ = {isa = PBXFileReference; lastKnownFileType = sourcecode.swift; path = SendViewController.swift; sourceTree = "<group>"; };
		84C052AC20BD16A70013A7FF /* SwapViewController.swift */ = {isa = PBXFileReference; lastKnownFileType = sourcecode.swift; path = SwapViewController.swift; sourceTree = "<group>"; };
		84CA5C7520B7302E0064D1BC /* Mnemonic.storyboard */ = {isa = PBXFileReference; fileEncoding = 4; lastKnownFileType = file.storyboard; name = Mnemonic.storyboard; path = Storyboard/Mnemonic.storyboard; sourceTree = "<group>"; };
		84CA5C7620B7302E0064D1BC /* Tutorial.storyboard */ = {isa = PBXFileReference; fileEncoding = 4; lastKnownFileType = file.storyboard; name = Tutorial.storyboard; path = Storyboard/Tutorial.storyboard; sourceTree = "<group>"; };
		84CA5C7A20B730750064D1BC /* PinViewController.swift */ = {isa = PBXFileReference; lastKnownFileType = sourcecode.swift; path = PinViewController.swift; sourceTree = "<group>"; };
		84CA5C7C20B73DB50064D1BC /* Pin.storyboard */ = {isa = PBXFileReference; fileEncoding = 4; lastKnownFileType = file.storyboard; name = Pin.storyboard; path = Storyboard/Pin.storyboard; sourceTree = "<group>"; };
		84CA5C7F20B7DB9A0064D1BC /* HomeViewController.swift */ = {isa = PBXFileReference; lastKnownFileType = sourcecode.swift; path = HomeViewController.swift; sourceTree = "<group>"; };
		84CA5C8220B85C060064D1BC /* UserData.swift */ = {isa = PBXFileReference; lastKnownFileType = sourcecode.swift; path = UserData.swift; sourceTree = "<group>"; };
		84CA5C8420B85C5C0064D1BC /* Constants.swift */ = {isa = PBXFileReference; lastKnownFileType = sourcecode.swift; path = Constants.swift; sourceTree = "<group>"; };
		84CA5CB720B88D000064D1BC /* Assets.xcassets */ = {isa = PBXFileReference; lastKnownFileType = folder.assetcatalog; path = Assets.xcassets; sourceTree = "<group>"; };
		84E79E5120BEEF7400D08645 /* CoinListViewController.swift */ = {isa = PBXFileReference; lastKnownFileType = sourcecode.swift; path = CoinListViewController.swift; sourceTree = "<group>"; };
		84E79E5320BEF75900D08645 /* CoinTableViewCell.swift */ = {isa = PBXFileReference; lastKnownFileType = sourcecode.swift; path = CoinTableViewCell.swift; sourceTree = "<group>"; };
		84E79E5620BEFAFD00D08645 /* CoinModel.swift */ = {isa = PBXFileReference; lastKnownFileType = sourcecode.swift; path = CoinModel.swift; sourceTree = "<group>"; };
		B6D596B220E74A9F009B6D9E /* ViewController+Toast.swift */ = {isa = PBXFileReference; lastKnownFileType = sourcecode.swift; path = "ViewController+Toast.swift"; sourceTree = "<group>"; };
		D792922C20B02BEC00DC558C /* MnemonicViewController.swift */ = {isa = PBXFileReference; lastKnownFileType = sourcecode.swift; path = MnemonicViewController.swift; sourceTree = "<group>"; };
		D792922E20B04D6D00DC558C /* SourceSansPro-SemiBold.ttf */ = {isa = PBXFileReference; lastKnownFileType = file; path = "SourceSansPro-SemiBold.ttf"; sourceTree = "<group>"; };
		D792922F20B05FC100DC558C /* VerifyMnemonicViewController.swift */ = {isa = PBXFileReference; lastKnownFileType = sourcecode.swift; path = VerifyMnemonicViewController.swift; sourceTree = "<group>"; };
		D7A6E92820AEB0570075596E /* NRLWallet.app */ = {isa = PBXFileReference; explicitFileType = wrapper.application; includeInIndex = 0; path = NRLWallet.app; sourceTree = BUILT_PRODUCTS_DIR; };
		D7A6E92B20AEB0570075596E /* AppDelegate.swift */ = {isa = PBXFileReference; lastKnownFileType = sourcecode.swift; path = AppDelegate.swift; sourceTree = "<group>"; };
		D7A6E92D20AEB0570075596E /* Tutorial1ViewController.swift */ = {isa = PBXFileReference; lastKnownFileType = sourcecode.swift; path = Tutorial1ViewController.swift; sourceTree = "<group>"; };
		D7A6E93020AEB0570075596E /* Base */ = {isa = PBXFileReference; lastKnownFileType = file.storyboard; name = Base; path = Base.lproj/Main.storyboard; sourceTree = "<group>"; };
		D7A6E93520AEB0570075596E /* Base */ = {isa = PBXFileReference; lastKnownFileType = file.storyboard; name = Base; path = Base.lproj/LaunchScreen.storyboard; sourceTree = "<group>"; };
		D7A6E94020AEB0570075596E /* NRLWalletTests.swift */ = {isa = PBXFileReference; lastKnownFileType = sourcecode.swift; path = NRLWalletTests.swift; sourceTree = "<group>"; };
		D7A6E94220AEB0570075596E /* Info.plist */ = {isa = PBXFileReference; lastKnownFileType = text.plist.xml; path = Info.plist; sourceTree = "<group>"; };
		D7A6E94B20AEB0570075596E /* NRLWalletUITests.swift */ = {isa = PBXFileReference; lastKnownFileType = sourcecode.swift; path = NRLWalletUITests.swift; sourceTree = "<group>"; };
		D7A6E94D20AEB0570075596E /* Info.plist */ = {isa = PBXFileReference; lastKnownFileType = text.plist.xml; path = Info.plist; sourceTree = "<group>"; };
		D7A6E96320AEC1C60075596E /* Info.plist */ = {isa = PBXFileReference; fileEncoding = 4; lastKnownFileType = text.plist.xml; path = Info.plist; sourceTree = "<group>"; };
		D7A6E97120AECDF90075596E /* SourceSansPro-Regular.ttf */ = {isa = PBXFileReference; lastKnownFileType = file; path = "SourceSansPro-Regular.ttf"; sourceTree = "<group>"; };
		D7A6E97220AF09BA0075596E /* Tutorial2ViewController.swift */ = {isa = PBXFileReference; lastKnownFileType = sourcecode.swift; path = Tutorial2ViewController.swift; sourceTree = "<group>"; };
		D7A6E97420AF11070075596E /* Tutorial3ViewController.swift */ = {isa = PBXFileReference; lastKnownFileType = sourcecode.swift; path = Tutorial3ViewController.swift; sourceTree = "<group>"; };
		E10397E720E5CFDB00457B52 /* WSCoreDataBlockStore.xcdatamodel */ = {isa = PBXFileReference; lastKnownFileType = wrapper.xcdatamodel; path = WSCoreDataBlockStore.xcdatamodel; sourceTree = "<group>"; };
		E10820B020E4DF640053312A /* CryptoSwift.framework */ = {isa = PBXFileReference; lastKnownFileType = wrapper.framework; name = CryptoSwift.framework; path = Carthage/Build/iOS/CryptoSwift.framework; sourceTree = SOURCE_ROOT; };
		E10820B120E4DF640053312A /* secp256k1.framework */ = {isa = PBXFileReference; lastKnownFileType = wrapper.framework; name = secp256k1.framework; path = Carthage/Build/iOS/secp256k1.framework; sourceTree = SOURCE_ROOT; };
		E10820B220E4DF640053312A /* ObjectMapper.framework */ = {isa = PBXFileReference; lastKnownFileType = wrapper.framework; name = ObjectMapper.framework; path = Carthage/Build/iOS/ObjectMapper.framework; sourceTree = SOURCE_ROOT; };
		E10820B320E4DF640053312A /* Web3.framework */ = {isa = PBXFileReference; lastKnownFileType = wrapper.framework; name = Web3.framework; path = Carthage/Build/iOS/Web3.framework; sourceTree = SOURCE_ROOT; };
		E10820B420E4DF640053312A /* SipHash.framework */ = {isa = PBXFileReference; lastKnownFileType = wrapper.framework; name = SipHash.framework; path = Carthage/Build/iOS/SipHash.framework; sourceTree = SOURCE_ROOT; };
		E10820B520E4DF640053312A /* NRLWalletSDK.framework */ = {isa = PBXFileReference; lastKnownFileType = wrapper.framework; name = NRLWalletSDK.framework; path = Carthage/Build/iOS/NRLWalletSDK.framework; sourceTree = SOURCE_ROOT; };
		E10820B620E4DF640053312A /* PromiseKit.framework */ = {isa = PBXFileReference; lastKnownFileType = wrapper.framework; name = PromiseKit.framework; path = Carthage/Build/iOS/PromiseKit.framework; sourceTree = SOURCE_ROOT; };
		E10820B720E4DF640053312A /* BigInt.framework */ = {isa = PBXFileReference; lastKnownFileType = wrapper.framework; name = BigInt.framework; path = Carthage/Build/iOS/BigInt.framework; sourceTree = SOURCE_ROOT; };
		E10820B820E4DF640053312A /* Alamofire.framework */ = {isa = PBXFileReference; lastKnownFileType = wrapper.framework; name = Alamofire.framework; path = Carthage/Build/iOS/Alamofire.framework; sourceTree = SOURCE_ROOT; };
		E10820B920E4DF640053312A /* SwiftyJSON.framework */ = {isa = PBXFileReference; lastKnownFileType = wrapper.framework; name = SwiftyJSON.framework; path = Carthage/Build/iOS/SwiftyJSON.framework; sourceTree = SOURCE_ROOT; };
		E10820D820E4DF820053312A /* DropDown.framework */ = {isa = PBXFileReference; explicitFileType = wrapper.framework; path = DropDown.framework; sourceTree = BUILT_PRODUCTS_DIR; };
		E10820DA20E4DF820053312A /* Pods_NRLWallet.framework */ = {isa = PBXFileReference; explicitFileType = wrapper.framework; path = Pods_NRLWallet.framework; sourceTree = BUILT_PRODUCTS_DIR; };
		E10820DC20E4DF820053312A /* QRCode.framework */ = {isa = PBXFileReference; explicitFileType = wrapper.framework; path = QRCode.framework; sourceTree = BUILT_PRODUCTS_DIR; };
		E10820DE20E4DF820053312A /* RNCryptor.framework */ = {isa = PBXFileReference; explicitFileType = wrapper.framework; path = RNCryptor.framework; sourceTree = BUILT_PRODUCTS_DIR; };
		E10820E020E4DF820053312A /* SVProgressHUD.framework */ = {isa = PBXFileReference; explicitFileType = wrapper.framework; path = SVProgressHUD.framework; sourceTree = BUILT_PRODUCTS_DIR; };
		E10820E220E4DF820053312A /* SWRevealViewController.framework */ = {isa = PBXFileReference; explicitFileType = wrapper.framework; path = SWRevealViewController.framework; sourceTree = BUILT_PRODUCTS_DIR; };
		E10820E420E4DF820053312A /* TagListView.framework */ = {isa = PBXFileReference; explicitFileType = wrapper.framework; path = TagListView.framework; sourceTree = BUILT_PRODUCTS_DIR; };
		E10820E620E4DF820053312A /* Toast_Swift.framework */ = {isa = PBXFileReference; explicitFileType = wrapper.framework; path = Toast_Swift.framework; sourceTree = BUILT_PRODUCTS_DIR; };
		E10820E820E4DF820053312A /* TPKeyboardAvoiding.framework */ = {isa = PBXFileReference; explicitFileType = wrapper.framework; path = TPKeyboardAvoiding.framework; sourceTree = BUILT_PRODUCTS_DIR; };
		E10820EA20E4DF820053312A /* XLPagerTabStrip.framework */ = {isa = PBXFileReference; explicitFileType = wrapper.framework; path = XLPagerTabStrip.framework; sourceTree = BUILT_PRODUCTS_DIR; };
		E152DAB320DE40810009B01B /* NRLCoinNotification.swift */ = {isa = PBXFileReference; lastKnownFileType = sourcecode.swift; path = NRLCoinNotification.swift; sourceTree = "<group>"; };
		E15C52EE20E42D40004DA7C5 /* libssl.a */ = {isa = PBXFileReference; lastKnownFileType = archive.ar; path = libssl.a; sourceTree = "<group>"; };
		E15C52EF20E42D40004DA7C5 /* libcrypto.a */ = {isa = PBXFileReference; lastKnownFileType = archive.ar; path = libcrypto.a; sourceTree = "<group>"; };
		E161700120D234AB0003DD44 /* English.swift */ = {isa = PBXFileReference; lastKnownFileType = sourcecode.swift; path = English.swift; sourceTree = "<group>"; };
		E178CE1E20CFF945005C6732 /* PinEnterViewController.swift */ = {isa = PBXFileReference; lastKnownFileType = sourcecode.swift; path = PinEnterViewController.swift; sourceTree = "<group>"; };
		E1DD75F020E3AEDE00CB2F75 /* CryptoSwift.framework */ = {isa = PBXFileReference; lastKnownFileType = wrapper.framework; name = CryptoSwift.framework; path = "/Volumes/Work/Workspace/Wallet/test/restless-wallet-ios-master/lib/CryptoSwift.framework"; sourceTree = "<absolute>"; };
		E1E2ACF820D14B47008ED04D /* InsertMNViewController.swift */ = {isa = PBXFileReference; lastKnownFileType = sourcecode.swift; path = InsertMNViewController.swift; sourceTree = "<group>"; };
		E1E2ACFA20D15299008ED04D /* KeyboardButton.swift */ = {isa = PBXFileReference; lastKnownFileType = sourcecode.swift; path = KeyboardButton.swift; sourceTree = "<group>"; };
		E1EF17E220D7749400FF4540 /* AboutViewController.swift */ = {isa = PBXFileReference; lastKnownFileType = sourcecode.swift; path = AboutViewController.swift; sourceTree = "<group>"; };
		E1EF17E420D7DC3100FF4540 /* MarketModel.swift */ = {isa = PBXFileReference; lastKnownFileType = sourcecode.swift; path = MarketModel.swift; sourceTree = "<group>"; };
		E1FAECDC20E3A997007D388A /* NRLWalletSDK.framework */ = {isa = PBXFileReference; lastKnownFileType = wrapper.framework; name = NRLWalletSDK.framework; path = "/Volumes/Work/Workspace/Wallet/test/restless-wallet-ios-master/Carthage/Build/iOS/NRLWalletSDK.framework"; sourceTree = "<absolute>"; };
		E1FAECDD20E3A997007D388A /* CryptoSwift.framework */ = {isa = PBXFileReference; lastKnownFileType = wrapper.framework; name = CryptoSwift.framework; path = "/Volumes/Work/Workspace/Wallet/test/restless-wallet-ios-master/Carthage/Build/iOS/CryptoSwift.framework"; sourceTree = "<absolute>"; };
/* End PBXFileReference section */

/* Begin PBXFrameworksBuildPhase section */
		D7A6E92520AEB0570075596E /* Frameworks */ = {
			isa = PBXFrameworksBuildPhase;
			buildActionMask = 2147483647;
			files = (
				E10820D920E4DF820053312A /* DropDown.framework in Frameworks */,
				E10820DB20E4DF820053312A /* Pods_NRLWallet.framework in Frameworks */,
				E10820DD20E4DF820053312A /* QRCode.framework in Frameworks */,
				E10820DF20E4DF820053312A /* RNCryptor.framework in Frameworks */,
				E10820E120E4DF820053312A /* SVProgressHUD.framework in Frameworks */,
				E10820E320E4DF820053312A /* SWRevealViewController.framework in Frameworks */,
				E10820E520E4DF820053312A /* TagListView.framework in Frameworks */,
				E10820E720E4DF820053312A /* Toast_Swift.framework in Frameworks */,
				E10820E920E4DF820053312A /* TPKeyboardAvoiding.framework in Frameworks */,
				E10820EB20E4DF820053312A /* XLPagerTabStrip.framework in Frameworks */,
				E10820C820E4DF790053312A /* CryptoSwift.framework in Frameworks */,
				E10820D620E4DF790053312A /* Web3.framework in Frameworks */,
				E10820CA20E4DF790053312A /* NRLWalletSDK.framework in Frameworks */,
				E10820D420E4DF790053312A /* SwiftyJSON.framework in Frameworks */,
				E10820CC20E4DF790053312A /* ObjectMapper.framework in Frameworks */,
				E10820D020E4DF790053312A /* secp256k1.framework in Frameworks */,
				E10820CE20E4DF790053312A /* PromiseKit.framework in Frameworks */,
				E10820D220E4DF790053312A /* SipHash.framework in Frameworks */,
				E10820C420E4DF790053312A /* Alamofire.framework in Frameworks */,
				E10820C620E4DF790053312A /* BigInt.framework in Frameworks */,
			);
			runOnlyForDeploymentPostprocessing = 0;
		};
/* End PBXFrameworksBuildPhase section */

/* Begin PBXGroup section */
		5961D1FB6939E0054D1F3A0A /* Frameworks */ = {
			isa = PBXGroup;
			children = (
				E10820D820E4DF820053312A /* DropDown.framework */,
				E10820DA20E4DF820053312A /* Pods_NRLWallet.framework */,
				E10820DC20E4DF820053312A /* QRCode.framework */,
				E10820DE20E4DF820053312A /* RNCryptor.framework */,
				E10820E020E4DF820053312A /* SVProgressHUD.framework */,
				E10820E220E4DF820053312A /* SWRevealViewController.framework */,
				E10820E420E4DF820053312A /* TagListView.framework */,
				E10820E620E4DF820053312A /* Toast_Swift.framework */,
				E10820E820E4DF820053312A /* TPKeyboardAvoiding.framework */,
				E10820EA20E4DF820053312A /* XLPagerTabStrip.framework */,
				06728C41B64E370401C9767A /* Pods_NRLWallet.framework */,
			);
			name = Frameworks;
			sourceTree = "<group>";
		};
		84779D8620B9AC2900F36973 /* Sidemenu */ = {
			isa = PBXGroup;
			children = (
				84779D8720B9AC5700F36973 /* SideMenuViewController.swift */,
			);
			path = Sidemenu;
			sourceTree = "<group>";
		};
		84779D8920B9B06700F36973 /* Base */ = {
			isa = PBXGroup;
			children = (
				84779D8A20B9B08100F36973 /* BaseViewController.swift */,
				84779D8C20B9B1E500F36973 /* BaseNavViewController.swift */,
			);
			path = Base;
			sourceTree = "<group>";
		};
		84CA5C7120B72FBB0064D1BC /* Pin */ = {
			isa = PBXGroup;
			children = (
				84CA5C7A20B730750064D1BC /* PinViewController.swift */,
				E178CE1E20CFF945005C6732 /* PinEnterViewController.swift */,
			);
			path = Pin;
			sourceTree = "<group>";
		};
		84CA5C7E20B7DB690064D1BC /* Home */ = {
			isa = PBXGroup;
			children = (
				84CA5C7F20B7DB9A0064D1BC /* HomeViewController.swift */,
				84C052A820BD16900013A7FF /* ReceiveViewController.swift */,
				84C052AA20BD169D0013A7FF /* SendViewController.swift */,
				84C052AC20BD16A70013A7FF /* SwapViewController.swift */,
				84E79E5120BEEF7400D08645 /* CoinListViewController.swift */,
				E1EF17E220D7749400FF4540 /* AboutViewController.swift */,
			);
			path = Home;
			sourceTree = "<group>";
		};
		84CA5C8120B85BEE0064D1BC /* Utils */ = {
			isa = PBXGroup;
			children = (
				84CA5C8220B85C060064D1BC /* UserData.swift */,
				84CA5C8420B85C5C0064D1BC /* Constants.swift */,
				849ADB5220C138590060ED23 /* AppController.swift */,
				E1E2ACFA20D15299008ED04D /* KeyboardButton.swift */,
				E161700120D234AB0003DD44 /* English.swift */,
				E152DAB320DE40810009B01B /* NRLCoinNotification.swift */,
			);
			path = Utils;
			sourceTree = "<group>";
		};
		84E79E5520BEFAE400D08645 /* Models */ = {
			isa = PBXGroup;
			children = (
				84E79E5620BEFAFD00D08645 /* CoinModel.swift */,
				E1EF17E420D7DC3100FF4540 /* MarketModel.swift */,
			);
			path = Models;
			sourceTree = "<group>";
		};
		84E79E5820BEFBD900D08645 /* Cells */ = {
			isa = PBXGroup;
			children = (
				84E79E5320BEF75900D08645 /* CoinTableViewCell.swift */,
				84029CF520ED07AB001E7AE5 /* BalanceDropDownCell.swift */,
				84029CF620ED07AB001E7AE5 /* BalanceDropDownCell.xib */,
			);
			path = Cells;
			sourceTree = "<group>";
		};
		B6D596B120E74A8A009B6D9E /* Extension */ = {
			isa = PBXGroup;
			children = (
				B6D596B220E74A9F009B6D9E /* ViewController+Toast.swift */,
			);
			path = Extension;
			sourceTree = "<group>";
		};
		BAA59D1B2682781A7C8CDB8C /* Pods */ = {
			isa = PBXGroup;
			children = (
				4E224D578FEC82D98F0CCF4E /* Pods-NRLWallet.debug.xcconfig */,
				1D9795419F5DF3CF0C8D0F77 /* Pods-NRLWallet.release.xcconfig */,
			);
			name = Pods;
			sourceTree = "<group>";
		};
		D7A6E91F20AEB0560075596E = {
			isa = PBXGroup;
			children = (
				E1DD75EC20E3AEB500CB2F75 /* lib */,
				D7A6E92A20AEB0570075596E /* NRLWallet */,
				D7A6E93F20AEB0570075596E /* NRLWalletTests */,
				D7A6E94A20AEB0570075596E /* NRLWalletUITests */,
				D7A6E92920AEB0570075596E /* Products */,
				BAA59D1B2682781A7C8CDB8C /* Pods */,
				5961D1FB6939E0054D1F3A0A /* Frameworks */,
				E1DD75E620E3AA2A00CB2F75 /* Recovered References */,
			);
			sourceTree = "<group>";
		};
		D7A6E92920AEB0570075596E /* Products */ = {
			isa = PBXGroup;
			children = (
				D7A6E92820AEB0570075596E /* NRLWallet.app */,
			);
			name = Products;
			sourceTree = "<group>";
		};
		D7A6E92A20AEB0570075596E /* NRLWallet */ = {
			isa = PBXGroup;
			children = (
				B6D596B120E74A8A009B6D9E /* Extension */,
				D7A6E96520AEC21C0075596E /* Storyboards */,
				D7A6E96220AEC1A80075596E /* Support */,
				D7A6E96020AEC01F0075596E /* Resources */,
				84CA5C8120B85BEE0064D1BC /* Utils */,
				84E79E5520BEFAE400D08645 /* Models */,
				84E79E5820BEFBD900D08645 /* Cells */,
				D7A6E95920AEB8DF0075596E /* ViewControllers */,
				D7A6E92B20AEB0570075596E /* AppDelegate.swift */,
			);
			path = NRLWallet;
			sourceTree = "<group>";
		};
		D7A6E93F20AEB0570075596E /* NRLWalletTests */ = {
			isa = PBXGroup;
			children = (
				D7A6E94020AEB0570075596E /* NRLWalletTests.swift */,
				D7A6E94220AEB0570075596E /* Info.plist */,
			);
			path = NRLWalletTests;
			sourceTree = "<group>";
		};
		D7A6E94A20AEB0570075596E /* NRLWalletUITests */ = {
			isa = PBXGroup;
			children = (
				D7A6E94B20AEB0570075596E /* NRLWalletUITests.swift */,
				D7A6E94D20AEB0570075596E /* Info.plist */,
			);
			path = NRLWalletUITests;
			sourceTree = "<group>";
		};
		D7A6E95920AEB8DF0075596E /* ViewControllers */ = {
			isa = PBXGroup;
			children = (
				84779D8920B9B06700F36973 /* Base */,
				84779D8620B9AC2900F36973 /* Sidemenu */,
				84CA5C7E20B7DB690064D1BC /* Home */,
				84CA5C7120B72FBB0064D1BC /* Pin */,
				D7A6E95B20AEBC970075596E /* Mnemonic */,
				D7A6E95A20AEBC900075596E /* Tutorial */,
			);
			path = ViewControllers;
			sourceTree = "<group>";
		};
		D7A6E95A20AEBC900075596E /* Tutorial */ = {
			isa = PBXGroup;
			children = (
				D7A6E92D20AEB0570075596E /* Tutorial1ViewController.swift */,
				D7A6E97220AF09BA0075596E /* Tutorial2ViewController.swift */,
				D7A6E97420AF11070075596E /* Tutorial3ViewController.swift */,
			);
			path = Tutorial;
			sourceTree = "<group>";
		};
		D7A6E95B20AEBC970075596E /* Mnemonic */ = {
			isa = PBXGroup;
			children = (
				E1E2ACF820D14B47008ED04D /* InsertMNViewController.swift */,
				D792922C20B02BEC00DC558C /* MnemonicViewController.swift */,
				D792922F20B05FC100DC558C /* VerifyMnemonicViewController.swift */,
			);
			path = Mnemonic;
			sourceTree = "<group>";
		};
		D7A6E96020AEC01F0075596E /* Resources */ = {
			isa = PBXGroup;
			children = (
				84CA5CB720B88D000064D1BC /* Assets.xcassets */,
				D7A6E97020AECDA80075596E /* Fonts */,
			);
			path = Resources;
			sourceTree = "<group>";
		};
		D7A6E96220AEC1A80075596E /* Support */ = {
			isa = PBXGroup;
			children = (
				E10397E720E5CFDB00457B52 /* WSCoreDataBlockStore.xcdatamodel */,
				D7A6E96320AEC1C60075596E /* Info.plist */,
			);
			name = Support;
			sourceTree = "<group>";
		};
		D7A6E96520AEC21C0075596E /* Storyboards */ = {
			isa = PBXGroup;
			children = (
				84CA5C7C20B73DB50064D1BC /* Pin.storyboard */,
				84CA5C7520B7302E0064D1BC /* Mnemonic.storyboard */,
				84CA5C7620B7302E0064D1BC /* Tutorial.storyboard */,
				D7A6E92F20AEB0570075596E /* Main.storyboard */,
				D7A6E93420AEB0570075596E /* LaunchScreen.storyboard */,
			);
			name = Storyboards;
			sourceTree = "<group>";
		};
		D7A6E97020AECDA80075596E /* Fonts */ = {
			isa = PBXGroup;
			children = (
				D792922E20B04D6D00DC558C /* SourceSansPro-SemiBold.ttf */,
				D7A6E97120AECDF90075596E /* SourceSansPro-Regular.ttf */,
			);
			path = Fonts;
			sourceTree = "<group>";
		};
		E1DD75E620E3AA2A00CB2F75 /* Recovered References */ = {
			isa = PBXGroup;
			children = (
				E1FAECDD20E3A997007D388A /* CryptoSwift.framework */,
				E1FAECDC20E3A997007D388A /* NRLWalletSDK.framework */,
				E1DD75F020E3AEDE00CB2F75 /* CryptoSwift.framework */,
			);
			name = "Recovered References";
			sourceTree = "<group>";
		};
		E1DD75EC20E3AEB500CB2F75 /* lib */ = {
			isa = PBXGroup;
			children = (
				E10820B820E4DF640053312A /* Alamofire.framework */,
				E10820B720E4DF640053312A /* BigInt.framework */,
				E10820B020E4DF640053312A /* CryptoSwift.framework */,
				E10820B520E4DF640053312A /* NRLWalletSDK.framework */,
				E10820B220E4DF640053312A /* ObjectMapper.framework */,
				E10820B620E4DF640053312A /* PromiseKit.framework */,
				E10820B120E4DF640053312A /* secp256k1.framework */,
				E10820B420E4DF640053312A /* SipHash.framework */,
				E10820B920E4DF640053312A /* SwiftyJSON.framework */,
				E10820B320E4DF640053312A /* Web3.framework */,
				E15C52EF20E42D40004DA7C5 /* libcrypto.a */,
				E15C52EE20E42D40004DA7C5 /* libssl.a */,
			);
			path = lib;
			sourceTree = "<group>";
		};
/* End PBXGroup section */

/* Begin PBXHeadersBuildPhase section */
		E1496D0420CB3E8100E3AD45 /* Headers */ = {
			isa = PBXHeadersBuildPhase;
			buildActionMask = 2147483647;
			files = (
			);
			runOnlyForDeploymentPostprocessing = 0;
		};
/* End PBXHeadersBuildPhase section */

/* Begin PBXNativeTarget section */
		D7A6E92720AEB0570075596E /* NRLWallet */ = {
			isa = PBXNativeTarget;
			buildConfigurationList = D7A6E95020AEB0570075596E /* Build configuration list for PBXNativeTarget "NRLWallet" */;
			buildPhases = (
				868E7EB259A9B47915AF6297 /* [CP] Check Pods Manifest.lock */,
				D7A6E92420AEB0570075596E /* Sources */,
				D7A6E92520AEB0570075596E /* Frameworks */,
				D7A6E92620AEB0570075596E /* Resources */,
				B2542794CFF2BAD3C765DA4F /* [CP] Embed Pods Frameworks */,
				E1496D0420CB3E8100E3AD45 /* Headers */,
				E15C52D920E42C86004DA7C5 /* Embed Frameworks */,
			);
			buildRules = (
			);
			dependencies = (
			);
			name = NRLWallet;
			productName = NRLWallet;
			productReference = D7A6E92820AEB0570075596E /* NRLWallet.app */;
			productType = "com.apple.product-type.application";
		};
/* End PBXNativeTarget section */

/* Begin PBXProject section */
		D7A6E92020AEB0560075596E /* Project object */ = {
			isa = PBXProject;
			attributes = {
				LastSwiftUpdateCheck = 0920;
				LastUpgradeCheck = 0940;
				ORGANIZATIONNAME = NoRestLabs;
				TargetAttributes = {
					D7A6E92720AEB0570075596E = {
						CreatedOnToolsVersion = 9.2;
						ProvisioningStyle = Automatic;
					};
				};
			};
			buildConfigurationList = D7A6E92320AEB0560075596E /* Build configuration list for PBXProject "NRLWallet" */;
			compatibilityVersion = "Xcode 8.0";
			developmentRegion = en;
			hasScannedForEncodings = 0;
			knownRegions = (
				en,
				Base,
			);
			mainGroup = D7A6E91F20AEB0560075596E;
			productRefGroup = D7A6E92920AEB0570075596E /* Products */;
			projectDirPath = "";
			projectRoot = "";
			targets = (
				D7A6E92720AEB0570075596E /* NRLWallet */,
			);
		};
/* End PBXProject section */

/* Begin PBXResourcesBuildPhase section */
		D7A6E92620AEB0570075596E /* Resources */ = {
			isa = PBXResourcesBuildPhase;
			buildActionMask = 2147483647;
			files = (
				D792923220B090FD00DC558C /* SourceSansPro-Regular.ttf in Resources */,
				84CA5C7820B7302E0064D1BC /* Mnemonic.storyboard in Resources */,
				D7A6E93620AEB0570075596E /* LaunchScreen.storyboard in Resources */,
				84CA5C7D20B73DB60064D1BC /* Pin.storyboard in Resources */,
				D7A6E93120AEB0570075596E /* Main.storyboard in Resources */,
				84CA5C7920B7302E0064D1BC /* Tutorial.storyboard in Resources */,
				84029CF820ED07AB001E7AE5 /* BalanceDropDownCell.xib in Resources */,
				84CA5CB820B88D000064D1BC /* Assets.xcassets in Resources */,
				D792923120B090F900DC558C /* SourceSansPro-SemiBold.ttf in Resources */,
			);
			runOnlyForDeploymentPostprocessing = 0;
		};
/* End PBXResourcesBuildPhase section */

/* Begin PBXShellScriptBuildPhase section */
		868E7EB259A9B47915AF6297 /* [CP] Check Pods Manifest.lock */ = {
			isa = PBXShellScriptBuildPhase;
			buildActionMask = 2147483647;
			files = (
			);
			inputPaths = (
				"${PODS_PODFILE_DIR_PATH}/Podfile.lock",
				"${PODS_ROOT}/Manifest.lock",
			);
			name = "[CP] Check Pods Manifest.lock";
			outputPaths = (
				"$(DERIVED_FILE_DIR)/Pods-NRLWallet-checkManifestLockResult.txt",
			);
			runOnlyForDeploymentPostprocessing = 0;
			shellPath = /bin/sh;
			shellScript = "diff \"${PODS_PODFILE_DIR_PATH}/Podfile.lock\" \"${PODS_ROOT}/Manifest.lock\" > /dev/null\nif [ $? != 0 ] ; then\n    # print error to STDERR\n    echo \"error: The sandbox is not in sync with the Podfile.lock. Run 'pod install' or update your CocoaPods installation.\" >&2\n    exit 1\nfi\n# This output is used by Xcode 'outputs' to avoid re-running this script phase.\necho \"SUCCESS\" > \"${SCRIPT_OUTPUT_FILE_0}\"\n";
			showEnvVarsInLog = 0;
		};
		B2542794CFF2BAD3C765DA4F /* [CP] Embed Pods Frameworks */ = {
			isa = PBXShellScriptBuildPhase;
			buildActionMask = 2147483647;
			files = (
			);
			inputPaths = (
				"${SRCROOT}/Pods/Target Support Files/Pods-NRLWallet/Pods-NRLWallet-frameworks.sh",
				"${BUILT_PRODUCTS_DIR}/DropDown/DropDown.framework",
				"${BUILT_PRODUCTS_DIR}/QRCode/QRCode.framework",
				"${BUILT_PRODUCTS_DIR}/RNCryptor/RNCryptor.framework",
				"${BUILT_PRODUCTS_DIR}/SVProgressHUD/SVProgressHUD.framework",
				"${BUILT_PRODUCTS_DIR}/SWRevealViewController/SWRevealViewController.framework",
				"${BUILT_PRODUCTS_DIR}/TPKeyboardAvoiding/TPKeyboardAvoiding.framework",
				"${BUILT_PRODUCTS_DIR}/TagListView/TagListView.framework",
				"${BUILT_PRODUCTS_DIR}/Toast-Swift/Toast_Swift.framework",
				"${BUILT_PRODUCTS_DIR}/XLPagerTabStrip/XLPagerTabStrip.framework",
			);
			name = "[CP] Embed Pods Frameworks";
			outputPaths = (
				"${TARGET_BUILD_DIR}/${FRAMEWORKS_FOLDER_PATH}/DropDown.framework",
				"${TARGET_BUILD_DIR}/${FRAMEWORKS_FOLDER_PATH}/QRCode.framework",
				"${TARGET_BUILD_DIR}/${FRAMEWORKS_FOLDER_PATH}/RNCryptor.framework",
				"${TARGET_BUILD_DIR}/${FRAMEWORKS_FOLDER_PATH}/SVProgressHUD.framework",
				"${TARGET_BUILD_DIR}/${FRAMEWORKS_FOLDER_PATH}/SWRevealViewController.framework",
				"${TARGET_BUILD_DIR}/${FRAMEWORKS_FOLDER_PATH}/TPKeyboardAvoiding.framework",
				"${TARGET_BUILD_DIR}/${FRAMEWORKS_FOLDER_PATH}/TagListView.framework",
				"${TARGET_BUILD_DIR}/${FRAMEWORKS_FOLDER_PATH}/Toast_Swift.framework",
				"${TARGET_BUILD_DIR}/${FRAMEWORKS_FOLDER_PATH}/XLPagerTabStrip.framework",
			);
			runOnlyForDeploymentPostprocessing = 0;
			shellPath = /bin/sh;
			shellScript = "\"${SRCROOT}/Pods/Target Support Files/Pods-NRLWallet/Pods-NRLWallet-frameworks.sh\"\n";
			showEnvVarsInLog = 0;
		};
/* End PBXShellScriptBuildPhase section */

/* Begin PBXSourcesBuildPhase section */
		D7A6E92420AEB0570075596E /* Sources */ = {
			isa = PBXSourcesBuildPhase;
			buildActionMask = 2147483647;
			files = (
				84E79E5720BEFAFD00D08645 /* CoinModel.swift in Sources */,
				84779D8B20B9B08100F36973 /* BaseViewController.swift in Sources */,
				84CA5C7B20B730750064D1BC /* PinViewController.swift in Sources */,
				B6D596B320E74AA0009B6D9E /* ViewController+Toast.swift in Sources */,
				84CA5C8520B85C5C0064D1BC /* Constants.swift in Sources */,
				84E79E5220BEEF7400D08645 /* CoinListViewController.swift in Sources */,
				84779D8D20B9B1E500F36973 /* BaseNavViewController.swift in Sources */,
				E178CE1F20CFF945005C6732 /* PinEnterViewController.swift in Sources */,
				E161700220D234AB0003DD44 /* English.swift in Sources */,
				849ADB5320C138590060ED23 /* AppController.swift in Sources */,
				D792922D20B02BED00DC558C /* MnemonicViewController.swift in Sources */,
				84779D8820B9AC5700F36973 /* SideMenuViewController.swift in Sources */,
				84C052A920BD16900013A7FF /* ReceiveViewController.swift in Sources */,
				D7A6E92E20AEB0570075596E /* Tutorial1ViewController.swift in Sources */,
				D7A6E97320AF09BA0075596E /* Tutorial2ViewController.swift in Sources */,
				E10397E820E5CFDB00457B52 /* WSCoreDataBlockStore.xcdatamodel in Sources */,
				E152DAB420DE40810009B01B /* NRLCoinNotification.swift in Sources */,
				84C052AD20BD16A70013A7FF /* SwapViewController.swift in Sources */,
				84CA5C8020B7DB9A0064D1BC /* HomeViewController.swift in Sources */,
				84029CF720ED07AB001E7AE5 /* BalanceDropDownCell.swift in Sources */,
				E1EF17E520D7DC3100FF4540 /* MarketModel.swift in Sources */,
				D792923020B05FC100DC558C /* VerifyMnemonicViewController.swift in Sources */,
				84C052AB20BD169D0013A7FF /* SendViewController.swift in Sources */,
				D7A6E97520AF11070075596E /* Tutorial3ViewController.swift in Sources */,
				84CA5C8320B85C060064D1BC /* UserData.swift in Sources */,
				E1EF17E320D7749400FF4540 /* AboutViewController.swift in Sources */,
				D7A6E92C20AEB0570075596E /* AppDelegate.swift in Sources */,
				E1E2ACF920D14B47008ED04D /* InsertMNViewController.swift in Sources */,
				84E79E5420BEF75900D08645 /* CoinTableViewCell.swift in Sources */,
				E1E2ACFB20D15299008ED04D /* KeyboardButton.swift in Sources */,
			);
			runOnlyForDeploymentPostprocessing = 0;
		};
/* End PBXSourcesBuildPhase section */

/* Begin PBXVariantGroup section */
		D7A6E92F20AEB0570075596E /* Main.storyboard */ = {
			isa = PBXVariantGroup;
			children = (
				D7A6E93020AEB0570075596E /* Base */,
			);
			name = Main.storyboard;
			sourceTree = "<group>";
		};
		D7A6E93420AEB0570075596E /* LaunchScreen.storyboard */ = {
			isa = PBXVariantGroup;
			children = (
				D7A6E93520AEB0570075596E /* Base */,
			);
			name = LaunchScreen.storyboard;
			sourceTree = "<group>";
		};
/* End PBXVariantGroup section */

/* Begin XCBuildConfiguration section */
		D7A6E94E20AEB0570075596E /* Debug */ = {
			isa = XCBuildConfiguration;
			buildSettings = {
				ALWAYS_SEARCH_USER_PATHS = NO;
				CLANG_ANALYZER_NONNULL = YES;
				CLANG_ANALYZER_NUMBER_OBJECT_CONVERSION = YES_AGGRESSIVE;
				CLANG_CXX_LANGUAGE_STANDARD = "gnu++14";
				CLANG_CXX_LIBRARY = "libc++";
				CLANG_ENABLE_MODULES = YES;
				CLANG_ENABLE_OBJC_ARC = YES;
				CLANG_WARN_BLOCK_CAPTURE_AUTORELEASING = YES;
				CLANG_WARN_BOOL_CONVERSION = YES;
				CLANG_WARN_COMMA = YES;
				CLANG_WARN_CONSTANT_CONVERSION = YES;
				CLANG_WARN_DEPRECATED_OBJC_IMPLEMENTATIONS = YES;
				CLANG_WARN_DIRECT_OBJC_ISA_USAGE = YES_ERROR;
				CLANG_WARN_DOCUMENTATION_COMMENTS = YES;
				CLANG_WARN_EMPTY_BODY = YES;
				CLANG_WARN_ENUM_CONVERSION = YES;
				CLANG_WARN_INFINITE_RECURSION = YES;
				CLANG_WARN_INT_CONVERSION = YES;
				CLANG_WARN_NON_LITERAL_NULL_CONVERSION = YES;
				CLANG_WARN_OBJC_IMPLICIT_RETAIN_SELF = YES;
				CLANG_WARN_OBJC_LITERAL_CONVERSION = YES;
				CLANG_WARN_OBJC_ROOT_CLASS = YES_ERROR;
				CLANG_WARN_RANGE_LOOP_ANALYSIS = YES;
				CLANG_WARN_STRICT_PROTOTYPES = YES;
				CLANG_WARN_SUSPICIOUS_MOVE = YES;
				CLANG_WARN_UNGUARDED_AVAILABILITY = YES_AGGRESSIVE;
				CLANG_WARN_UNREACHABLE_CODE = YES;
				CLANG_WARN__DUPLICATE_METHOD_MATCH = YES;
				CODE_SIGN_IDENTITY = "iPhone Developer";
				COPY_PHASE_STRIP = NO;
				DEBUG_INFORMATION_FORMAT = dwarf;
				ENABLE_STRICT_OBJC_MSGSEND = YES;
				ENABLE_TESTABILITY = YES;
				GCC_C_LANGUAGE_STANDARD = gnu11;
				GCC_DYNAMIC_NO_PIC = NO;
				GCC_NO_COMMON_BLOCKS = YES;
				GCC_OPTIMIZATION_LEVEL = 0;
				GCC_PREPROCESSOR_DEFINITIONS = (
					"DEBUG=1",
					"$(inherited)",
				);
				GCC_WARN_64_TO_32_BIT_CONVERSION = YES;
				GCC_WARN_ABOUT_RETURN_TYPE = YES_ERROR;
				GCC_WARN_UNDECLARED_SELECTOR = YES;
				GCC_WARN_UNINITIALIZED_AUTOS = YES_AGGRESSIVE;
				GCC_WARN_UNUSED_FUNCTION = YES;
				GCC_WARN_UNUSED_VARIABLE = YES;
				IPHONEOS_DEPLOYMENT_TARGET = 11.4;
				MTL_ENABLE_DEBUG_INFO = YES;
				ONLY_ACTIVE_ARCH = YES;
				SDKROOT = iphoneos;
				SWIFT_ACTIVE_COMPILATION_CONDITIONS = DEBUG;
				SWIFT_OPTIMIZATION_LEVEL = "-Onone";
			};
			name = Debug;
		};
		D7A6E94F20AEB0570075596E /* Release */ = {
			isa = XCBuildConfiguration;
			buildSettings = {
				ALWAYS_SEARCH_USER_PATHS = NO;
				CLANG_ANALYZER_NONNULL = YES;
				CLANG_ANALYZER_NUMBER_OBJECT_CONVERSION = YES_AGGRESSIVE;
				CLANG_CXX_LANGUAGE_STANDARD = "gnu++14";
				CLANG_CXX_LIBRARY = "libc++";
				CLANG_ENABLE_MODULES = YES;
				CLANG_ENABLE_OBJC_ARC = YES;
				CLANG_WARN_BLOCK_CAPTURE_AUTORELEASING = YES;
				CLANG_WARN_BOOL_CONVERSION = YES;
				CLANG_WARN_COMMA = YES;
				CLANG_WARN_CONSTANT_CONVERSION = YES;
				CLANG_WARN_DEPRECATED_OBJC_IMPLEMENTATIONS = YES;
				CLANG_WARN_DIRECT_OBJC_ISA_USAGE = YES_ERROR;
				CLANG_WARN_DOCUMENTATION_COMMENTS = YES;
				CLANG_WARN_EMPTY_BODY = YES;
				CLANG_WARN_ENUM_CONVERSION = YES;
				CLANG_WARN_INFINITE_RECURSION = YES;
				CLANG_WARN_INT_CONVERSION = YES;
				CLANG_WARN_NON_LITERAL_NULL_CONVERSION = YES;
				CLANG_WARN_OBJC_IMPLICIT_RETAIN_SELF = YES;
				CLANG_WARN_OBJC_LITERAL_CONVERSION = YES;
				CLANG_WARN_OBJC_ROOT_CLASS = YES_ERROR;
				CLANG_WARN_RANGE_LOOP_ANALYSIS = YES;
				CLANG_WARN_STRICT_PROTOTYPES = YES;
				CLANG_WARN_SUSPICIOUS_MOVE = YES;
				CLANG_WARN_UNGUARDED_AVAILABILITY = YES_AGGRESSIVE;
				CLANG_WARN_UNREACHABLE_CODE = YES;
				CLANG_WARN__DUPLICATE_METHOD_MATCH = YES;
				CODE_SIGN_IDENTITY = "iPhone Developer";
				COPY_PHASE_STRIP = NO;
				DEBUG_INFORMATION_FORMAT = "dwarf-with-dsym";
				ENABLE_NS_ASSERTIONS = NO;
				ENABLE_STRICT_OBJC_MSGSEND = YES;
				GCC_C_LANGUAGE_STANDARD = gnu11;
				GCC_NO_COMMON_BLOCKS = YES;
				GCC_WARN_64_TO_32_BIT_CONVERSION = YES;
				GCC_WARN_ABOUT_RETURN_TYPE = YES_ERROR;
				GCC_WARN_UNDECLARED_SELECTOR = YES;
				GCC_WARN_UNINITIALIZED_AUTOS = YES_AGGRESSIVE;
				GCC_WARN_UNUSED_FUNCTION = YES;
				GCC_WARN_UNUSED_VARIABLE = YES;
				IPHONEOS_DEPLOYMENT_TARGET = 11.4;
				MTL_ENABLE_DEBUG_INFO = NO;
				SDKROOT = iphoneos;
				SWIFT_OPTIMIZATION_LEVEL = "-Owholemodule";
				VALIDATE_PRODUCT = YES;
			};
			name = Release;
		};
		D7A6E95120AEB0570075596E /* Debug */ = {
			isa = XCBuildConfiguration;
			baseConfigurationReference = 4E224D578FEC82D98F0CCF4E /* Pods-NRLWallet.debug.xcconfig */;
			buildSettings = {
				ASSETCATALOG_COMPILER_APPICON_NAME = AppIcon;
				CODE_SIGN_STYLE = Automatic;
				DEVELOPMENT_TEAM = E7J65AP6DQ;
				ENABLE_BITCODE = NO;
				FRAMEWORK_SEARCH_PATHS = (
					"$(inherited)",
					"$(PROJECT_DIR)/framework",
					"$(PROJECT_DIR)/library",
					"$(PROJECT_DIR)/Carthage/Build/iOS",
					"$(PROJECT_DIR)/lib",
				);
				HEADER_SEARCH_PATHS = "$(SRCROOT)/library";
				INFOPLIST_FILE = NRLWallet/Info.plist;
				IPHONEOS_DEPLOYMENT_TARGET = 11.4;
				LD_RUNPATH_SEARCH_PATHS = "$(inherited) @executable_path/Frameworks";
				LIBRARY_SEARCH_PATHS = (
					"$(inherited)",
					"$(PROJECT_DIR)/library",
					"$(PROJECT_DIR)/lib",
				);
				PRODUCT_BUNDLE_IDENTIFIER = com.norestlabs.NRLWallet;
				PRODUCT_NAME = "$(TARGET_NAME)";
				SWIFT_INCLUDE_PATHS = "$(SRCROOT)/library";
				SWIFT_VERSION = 4.0;
				TARGETED_DEVICE_FAMILY = "1,2";
			};
			name = Debug;
		};
		D7A6E95220AEB0570075596E /* Release */ = {
			isa = XCBuildConfiguration;
			baseConfigurationReference = 1D9795419F5DF3CF0C8D0F77 /* Pods-NRLWallet.release.xcconfig */;
			buildSettings = {
				ASSETCATALOG_COMPILER_APPICON_NAME = AppIcon;
				CODE_SIGN_STYLE = Automatic;
				DEVELOPMENT_TEAM = E7J65AP6DQ;
				ENABLE_BITCODE = NO;
				FRAMEWORK_SEARCH_PATHS = (
					"$(inherited)",
					"$(PROJECT_DIR)/framework",
					"$(PROJECT_DIR)/library",
					"$(PROJECT_DIR)/Carthage/Build/iOS",
					"$(PROJECT_DIR)/lib",
				);
				HEADER_SEARCH_PATHS = "$(SRCROOT)/library";
				INFOPLIST_FILE = NRLWallet/Info.plist;
				IPHONEOS_DEPLOYMENT_TARGET = 11.4;
				LD_RUNPATH_SEARCH_PATHS = "$(inherited) @executable_path/Frameworks";
				LIBRARY_SEARCH_PATHS = (
					"$(inherited)",
					"$(PROJECT_DIR)/library",
					"$(PROJECT_DIR)/lib",
				);
				PRODUCT_BUNDLE_IDENTIFIER = com.norestlabs.NRLWallet;
				PRODUCT_NAME = "$(TARGET_NAME)";
				SWIFT_INCLUDE_PATHS = "$(SRCROOT)/library";
				SWIFT_VERSION = 4.0;
				TARGETED_DEVICE_FAMILY = "1,2";
			};
			name = Release;
		};
/* End XCBuildConfiguration section */

/* Begin XCConfigurationList section */
		D7A6E92320AEB0560075596E /* Build configuration list for PBXProject "NRLWallet" */ = {
			isa = XCConfigurationList;
			buildConfigurations = (
				D7A6E94E20AEB0570075596E /* Debug */,
				D7A6E94F20AEB0570075596E /* Release */,
			);
			defaultConfigurationIsVisible = 0;
			defaultConfigurationName = Release;
		};
		D7A6E95020AEB0570075596E /* Build configuration list for PBXNativeTarget "NRLWallet" */ = {
			isa = XCConfigurationList;
			buildConfigurations = (
				D7A6E95120AEB0570075596E /* Debug */,
				D7A6E95220AEB0570075596E /* Release */,
			);
			defaultConfigurationIsVisible = 0;
			defaultConfigurationName = Release;
		};
/* End XCConfigurationList section */
	};
	rootObject = D7A6E92020AEB0560075596E /* Project object */;
}
